
Microsoft Visual Studio Solution File, Format Version 12.00
# Visual Studio Version 16
VisualStudioVersion = 16.0.29418.71
MinimumVisualStudioVersion = 10.0.40219.1
Project("{2150E333-8FDC-42A3-9474-1A3956D46DE8}") = "samples", "samples", "{3ED41773-9B24-4B30-99EA-9516520EA477}"
EndProject
Project("{2150E333-8FDC-42A3-9474-1A3956D46DE8}") = "src", "src", "{62BF61E9-EA6F-4034-AD89-85C86B0968EB}"
EndProject
Project("{2150E333-8FDC-42A3-9474-1A3956D46DE8}") = "build", "build", "{06C2DD10-FEE9-4642-BE3A-02376604EC55}"
	ProjectSection(SolutionItems) = preProject
		azure-pipelines.yml = azure-pipelines.yml
		build\build-docs.bat = build\build-docs.bat
		build\build-snk.bat = build\build-snk.bat
		build\common.props = build\common.props
		build\dependencies.props = build\dependencies.props
		build\Hybrid.snk = build\Hybrid.snk
		build\icon.ico = build\icon.ico
		build\ItemTemplates.txt = build\ItemTemplates.txt
		build\packages.props = build\packages.props
		build\version.props = build\version.props
	EndProjectSection
EndProject
Project("{2150E333-8FDC-42A3-9474-1A3956D46DE8}") = "docs", "docs", "{B6E948B2-9614-4274-96D8-4E51306B8CE4}"
	ProjectSection(SolutionItems) = preProject
		README.md = README.md
	EndProjectSection
EndProject
Project("{2150E333-8FDC-42A3-9474-1A3956D46DE8}") = "client", "client", "{D6FCB408-429A-4526-8EFD-FF47620749F0}"
EndProject
Project("{9A19103F-16F7-4668-BE54-9A1E7A4F7556}") = "WpfClient", "samples\client\WpfClient\WpfClient.csproj", "{21C34C17-BC84-413E-B800-72469568589C}"
EndProject
Project("{2150E333-8FDC-42A3-9474-1A3956D46DE8}") = "web", "web", "{1C1C4A35-4250-487E-990A-0193115CAD7D}"
EndProject
Project("{9A19103F-16F7-4668-BE54-9A1E7A4F7556}") = "IdentityServer4.Web", "samples\web\IdentityServer4.Web\IdentityServer4.Web.csproj", "{0F79BCE5-6F74-4023-9116-9E499CC4CA78}"
EndProject
Project("{9A19103F-16F7-4668-BE54-9A1E7A4F7556}") = "Identity.Web", "samples\web\Identity.Web\Identity.Web.csproj", "{B14AF9AB-796A-4DDD-9B84-0ECD050D5508}"
EndProject
Project("{9A19103F-16F7-4668-BE54-9A1E7A4F7556}") = "ConsoleClient", "samples\client\ConsoleClient\ConsoleClient.csproj", "{15F40A1E-5B51-45F4-8DCC-2E5F75BF3606}"
EndProject
Project("{2150E333-8FDC-42A3-9474-1A3956D46DE8}") = "test", "test", "{FDC69CA5-A426-431B-AE34-787822004FB0}"
EndProject
Project("{9A19103F-16F7-4668-BE54-9A1E7A4F7556}") = "Test.Web", "samples\web\Test.Web\Test.Web.csproj", "{BB102949-8905-409A-8F78-9675DCB31394}"
EndProject
Project("{9A19103F-16F7-4668-BE54-9A1E7A4F7556}") = "Hybrid", "src\Hybrid\Hybrid.csproj", "{76584947-FEB6-4B36-8F5E-0E720499573C}"
EndProject
Project("{9A19103F-16F7-4668-BE54-9A1E7A4F7556}") = "Hybrid.AspNetCore", "src\Hybrid.AspNetCore\Hybrid.AspNetCore.csproj", "{EAD7074A-69EA-49C1-9025-06AE3161CBFA}"
EndProject
Project("{9A19103F-16F7-4668-BE54-9A1E7A4F7556}") = "Hybrid.AutoMapper", "src\Hybrid.AutoMapper\Hybrid.AutoMapper.csproj", "{93C8FBF2-6332-4E6C-B7B2-B976D16F93AC}"
EndProject
Project("{9A19103F-16F7-4668-BE54-9A1E7A4F7556}") = "Hybrid.EntityFrameworkCore", "src\Hybrid.EntityFrameworkCore\Hybrid.EntityFrameworkCore.csproj", "{B2AFB221-F061-4095-9F05-D48F05FDB149}"
EndProject
Project("{9A19103F-16F7-4668-BE54-9A1E7A4F7556}") = "Hybrid.EntityFrameworkCore.SqlServer", "src\Hybrid.EntityFrameworkCore.SqlServer\Hybrid.EntityFrameworkCore.SqlServer.csproj", "{92BF11C0-61C0-4A33-B8E8-23095506AD78}"
EndProject
Project("{9A19103F-16F7-4668-BE54-9A1E7A4F7556}") = "Hybrid.NLog", "src\Hybrid.NLog\Hybrid.NLog.csproj", "{6538E570-5813-4B2F-B0BF-1E1E8015B99D}"
EndProject
Project("{9A19103F-16F7-4668-BE54-9A1E7A4F7556}") = "Hybrid.Zero", "src\Hybrid.Zero\Hybrid.Zero.csproj", "{329BEA39-F27E-4757-9516-53329A7089C0}"
EndProject
Project("{9A19103F-16F7-4668-BE54-9A1E7A4F7556}") = "Hybrid.Zero.Identity", "src\Hybrid.Zero.Identity\Hybrid.Zero.Identity.csproj", "{804A47BF-A469-4D18-91BD-9FA32DC4F2B4}"
EndProject
Project("{9A19103F-16F7-4668-BE54-9A1E7A4F7556}") = "Hybrid.Zero.IdentityServer4", "src\Hybrid.Zero.IdentityServer4\Hybrid.Zero.IdentityServer4.csproj", "{939DDEB1-4DE1-48BC-AC1C-F6838A6EE37B}"
EndProject
Project("{9A19103F-16F7-4668-BE54-9A1E7A4F7556}") = "Hybrid.MailKit", "src\Hybrid.MailKit\Hybrid.MailKit.csproj", "{3A2C2DE9-1E36-49F4-8ABE-F5AB912C1803}"
EndProject
Project("{9A19103F-16F7-4668-BE54-9A1E7A4F7556}") = "OSharp.EntityFrameworkCore.MySql", "src\Hybrid.EntityFrameworkCore.MySql\OSharp.EntityFrameworkCore.MySql.csproj", "{31D44F20-C7DF-4763-9ABD-93B235379B5F}"
EndProject
Project("{9A19103F-16F7-4668-BE54-9A1E7A4F7556}") = "OSharp.EntityFrameworkCore.Sqlite", "src\Hybrid.EntityFrameworkCore.Sqlite\OSharp.EntityFrameworkCore.Sqlite.csproj", "{EA1355AC-1DA1-4518-BDDE-9186A94B675A}"
EndProject
Global
	GlobalSection(SolutionConfigurationPlatforms) = preSolution
		Debug|Any CPU = Debug|Any CPU
		Release|Any CPU = Release|Any CPU
	EndGlobalSection
	GlobalSection(ProjectConfigurationPlatforms) = postSolution
		{21C34C17-BC84-413E-B800-72469568589C}.Debug|Any CPU.ActiveCfg = Debug|Any CPU
		{21C34C17-BC84-413E-B800-72469568589C}.Debug|Any CPU.Build.0 = Debug|Any CPU
		{21C34C17-BC84-413E-B800-72469568589C}.Release|Any CPU.ActiveCfg = Release|Any CPU
		{21C34C17-BC84-413E-B800-72469568589C}.Release|Any CPU.Build.0 = Release|Any CPU
		{0F79BCE5-6F74-4023-9116-9E499CC4CA78}.Debug|Any CPU.ActiveCfg = Debug|Any CPU
		{0F79BCE5-6F74-4023-9116-9E499CC4CA78}.Debug|Any CPU.Build.0 = Debug|Any CPU
		{0F79BCE5-6F74-4023-9116-9E499CC4CA78}.Release|Any CPU.ActiveCfg = Release|Any CPU
		{0F79BCE5-6F74-4023-9116-9E499CC4CA78}.Release|Any CPU.Build.0 = Release|Any CPU
		{B14AF9AB-796A-4DDD-9B84-0ECD050D5508}.Debug|Any CPU.ActiveCfg = Debug|Any CPU
		{B14AF9AB-796A-4DDD-9B84-0ECD050D5508}.Debug|Any CPU.Build.0 = Debug|Any CPU
		{B14AF9AB-796A-4DDD-9B84-0ECD050D5508}.Release|Any CPU.ActiveCfg = Release|Any CPU
		{B14AF9AB-796A-4DDD-9B84-0ECD050D5508}.Release|Any CPU.Build.0 = Release|Any CPU
		{15F40A1E-5B51-45F4-8DCC-2E5F75BF3606}.Debug|Any CPU.ActiveCfg = Debug|Any CPU
		{15F40A1E-5B51-45F4-8DCC-2E5F75BF3606}.Debug|Any CPU.Build.0 = Debug|Any CPU
		{15F40A1E-5B51-45F4-8DCC-2E5F75BF3606}.Release|Any CPU.ActiveCfg = Release|Any CPU
		{15F40A1E-5B51-45F4-8DCC-2E5F75BF3606}.Release|Any CPU.Build.0 = Release|Any CPU
		{BB102949-8905-409A-8F78-9675DCB31394}.Debug|Any CPU.ActiveCfg = Debug|Any CPU
		{BB102949-8905-409A-8F78-9675DCB31394}.Debug|Any CPU.Build.0 = Debug|Any CPU
		{BB102949-8905-409A-8F78-9675DCB31394}.Release|Any CPU.ActiveCfg = Release|Any CPU
		{BB102949-8905-409A-8F78-9675DCB31394}.Release|Any CPU.Build.0 = Release|Any CPU
		{76584947-FEB6-4B36-8F5E-0E720499573C}.Debug|Any CPU.ActiveCfg = Debug|Any CPU
		{76584947-FEB6-4B36-8F5E-0E720499573C}.Debug|Any CPU.Build.0 = Debug|Any CPU
		{76584947-FEB6-4B36-8F5E-0E720499573C}.Release|Any CPU.ActiveCfg = Release|Any CPU
		{76584947-FEB6-4B36-8F5E-0E720499573C}.Release|Any CPU.Build.0 = Release|Any CPU
		{EAD7074A-69EA-49C1-9025-06AE3161CBFA}.Debug|Any CPU.ActiveCfg = Debug|Any CPU
		{EAD7074A-69EA-49C1-9025-06AE3161CBFA}.Debug|Any CPU.Build.0 = Debug|Any CPU
		{EAD7074A-69EA-49C1-9025-06AE3161CBFA}.Release|Any CPU.ActiveCfg = Release|Any CPU
		{EAD7074A-69EA-49C1-9025-06AE3161CBFA}.Release|Any CPU.Build.0 = Release|Any CPU
		{93C8FBF2-6332-4E6C-B7B2-B976D16F93AC}.Debug|Any CPU.ActiveCfg = Debug|Any CPU
		{93C8FBF2-6332-4E6C-B7B2-B976D16F93AC}.Debug|Any CPU.Build.0 = Debug|Any CPU
		{93C8FBF2-6332-4E6C-B7B2-B976D16F93AC}.Release|Any CPU.ActiveCfg = Release|Any CPU
		{93C8FBF2-6332-4E6C-B7B2-B976D16F93AC}.Release|Any CPU.Build.0 = Release|Any CPU
		{B2AFB221-F061-4095-9F05-D48F05FDB149}.Debug|Any CPU.ActiveCfg = Debug|Any CPU
		{B2AFB221-F061-4095-9F05-D48F05FDB149}.Debug|Any CPU.Build.0 = Debug|Any CPU
		{B2AFB221-F061-4095-9F05-D48F05FDB149}.Release|Any CPU.ActiveCfg = Release|Any CPU
		{B2AFB221-F061-4095-9F05-D48F05FDB149}.Release|Any CPU.Build.0 = Release|Any CPU
		{92BF11C0-61C0-4A33-B8E8-23095506AD78}.Debug|Any CPU.ActiveCfg = Debug|Any CPU
		{92BF11C0-61C0-4A33-B8E8-23095506AD78}.Debug|Any CPU.Build.0 = Debug|Any CPU
		{92BF11C0-61C0-4A33-B8E8-23095506AD78}.Release|Any CPU.ActiveCfg = Release|Any CPU
		{92BF11C0-61C0-4A33-B8E8-23095506AD78}.Release|Any CPU.Build.0 = Release|Any CPU
		{6538E570-5813-4B2F-B0BF-1E1E8015B99D}.Debug|Any CPU.ActiveCfg = Debug|Any CPU
		{6538E570-5813-4B2F-B0BF-1E1E8015B99D}.Debug|Any CPU.Build.0 = Debug|Any CPU
		{6538E570-5813-4B2F-B0BF-1E1E8015B99D}.Release|Any CPU.ActiveCfg = Release|Any CPU
		{6538E570-5813-4B2F-B0BF-1E1E8015B99D}.Release|Any CPU.Build.0 = Release|Any CPU
		{329BEA39-F27E-4757-9516-53329A7089C0}.Debug|Any CPU.ActiveCfg = Debug|Any CPU
		{329BEA39-F27E-4757-9516-53329A7089C0}.Debug|Any CPU.Build.0 = Debug|Any CPU
		{329BEA39-F27E-4757-9516-53329A7089C0}.Release|Any CPU.ActiveCfg = Release|Any CPU
		{329BEA39-F27E-4757-9516-53329A7089C0}.Release|Any CPU.Build.0 = Release|Any CPU
		{804A47BF-A469-4D18-91BD-9FA32DC4F2B4}.Debug|Any CPU.ActiveCfg = Debug|Any CPU
		{804A47BF-A469-4D18-91BD-9FA32DC4F2B4}.Debug|Any CPU.Build.0 = Debug|Any CPU
		{804A47BF-A469-4D18-91BD-9FA32DC4F2B4}.Release|Any CPU.ActiveCfg = Release|Any CPU
		{804A47BF-A469-4D18-91BD-9FA32DC4F2B4}.Release|Any CPU.Build.0 = Release|Any CPU
		{939DDEB1-4DE1-48BC-AC1C-F6838A6EE37B}.Debug|Any CPU.ActiveCfg = Debug|Any CPU
		{939DDEB1-4DE1-48BC-AC1C-F6838A6EE37B}.Debug|Any CPU.Build.0 = Debug|Any CPU
		{939DDEB1-4DE1-48BC-AC1C-F6838A6EE37B}.Release|Any CPU.ActiveCfg = Release|Any CPU
		{939DDEB1-4DE1-48BC-AC1C-F6838A6EE37B}.Release|Any CPU.Build.0 = Release|Any CPU
		{3A2C2DE9-1E36-49F4-8ABE-F5AB912C1803}.Debug|Any CPU.ActiveCfg = Debug|Any CPU
		{3A2C2DE9-1E36-49F4-8ABE-F5AB912C1803}.Debug|Any CPU.Build.0 = Debug|Any CPU
		{3A2C2DE9-1E36-49F4-8ABE-F5AB912C1803}.Release|Any CPU.ActiveCfg = Release|Any CPU
		{3A2C2DE9-1E36-49F4-8ABE-F5AB912C1803}.Release|Any CPU.Build.0 = Release|Any CPU
		{31D44F20-C7DF-4763-9ABD-93B235379B5F}.Debug|Any CPU.ActiveCfg = Debug|Any CPU
		{31D44F20-C7DF-4763-9ABD-93B235379B5F}.Debug|Any CPU.Build.0 = Debug|Any CPU
		{31D44F20-C7DF-4763-9ABD-93B235379B5F}.Release|Any CPU.ActiveCfg = Release|Any CPU
		{31D44F20-C7DF-4763-9ABD-93B235379B5F}.Release|Any CPU.Build.0 = Release|Any CPU
		{EA1355AC-1DA1-4518-BDDE-9186A94B675A}.Debug|Any CPU.ActiveCfg = Debug|Any CPU
		{EA1355AC-1DA1-4518-BDDE-9186A94B675A}.Debug|Any CPU.Build.0 = Debug|Any CPU
		{EA1355AC-1DA1-4518-BDDE-9186A94B675A}.Release|Any CPU.ActiveCfg = Release|Any CPU
		{EA1355AC-1DA1-4518-BDDE-9186A94B675A}.Release|Any CPU.Build.0 = Release|Any CPU
	EndGlobalSection
	GlobalSection(SolutionProperties) = preSolution
		HideSolutionNode = FALSE
	EndGlobalSection
	GlobalSection(NestedProjects) = preSolution
		{D6FCB408-429A-4526-8EFD-FF47620749F0} = {3ED41773-9B24-4B30-99EA-9516520EA477}
		{21C34C17-BC84-413E-B800-72469568589C} = {D6FCB408-429A-4526-8EFD-FF47620749F0}
		{1C1C4A35-4250-487E-990A-0193115CAD7D} = {3ED41773-9B24-4B30-99EA-9516520EA477}
		{0F79BCE5-6F74-4023-9116-9E499CC4CA78} = {1C1C4A35-4250-487E-990A-0193115CAD7D}
		{B14AF9AB-796A-4DDD-9B84-0ECD050D5508} = {1C1C4A35-4250-487E-990A-0193115CAD7D}
		{15F40A1E-5B51-45F4-8DCC-2E5F75BF3606} = {D6FCB408-429A-4526-8EFD-FF47620749F0}
		{BB102949-8905-409A-8F78-9675DCB31394} = {1C1C4A35-4250-487E-990A-0193115CAD7D}
		{76584947-FEB6-4B36-8F5E-0E720499573C} = {62BF61E9-EA6F-4034-AD89-85C86B0968EB}
		{EAD7074A-69EA-49C1-9025-06AE3161CBFA} = {62BF61E9-EA6F-4034-AD89-85C86B0968EB}
		{93C8FBF2-6332-4E6C-B7B2-B976D16F93AC} = {62BF61E9-EA6F-4034-AD89-85C86B0968EB}
		{B2AFB221-F061-4095-9F05-D48F05FDB149} = {62BF61E9-EA6F-4034-AD89-85C86B0968EB}
		{92BF11C0-61C0-4A33-B8E8-23095506AD78} = {62BF61E9-EA6F-4034-AD89-85C86B0968EB}
		{6538E570-5813-4B2F-B0BF-1E1E8015B99D} = {62BF61E9-EA6F-4034-AD89-85C86B0968EB}
		{329BEA39-F27E-4757-9516-53329A7089C0} = {62BF61E9-EA6F-4034-AD89-85C86B0968EB}
		{804A47BF-A469-4D18-91BD-9FA32DC4F2B4} = {62BF61E9-EA6F-4034-AD89-85C86B0968EB}
		{939DDEB1-4DE1-48BC-AC1C-F6838A6EE37B} = {62BF61E9-EA6F-4034-AD89-85C86B0968EB}
		{3A2C2DE9-1E36-49F4-8ABE-F5AB912C1803} = {62BF61E9-EA6F-4034-AD89-85C86B0968EB}
		{31D44F20-C7DF-4763-9ABD-93B235379B5F} = {62BF61E9-EA6F-4034-AD89-85C86B0968EB}
		{EA1355AC-1DA1-4518-BDDE-9186A94B675A} = {62BF61E9-EA6F-4034-AD89-85C86B0968EB}
	EndGlobalSection
	GlobalSection(ExtensibilityGlobals) = postSolution
		SolutionGuid = {EB048828-DF83-45AB-943F-330B891075BB}
	EndGlobalSection
EndGlobal
