
Microsoft Visual Studio Solution File, Format Version 12.00
# Visual Studio Version 16
VisualStudioVersion = 16.0.29418.71
MinimumVisualStudioVersion = 10.0.40219.1
Project("{2150E333-8FDC-42A3-9474-1A3956D46DE8}") = "samples", "samples", "{3ED41773-9B24-4B30-99EA-9516520EA477}"
EndProject
Project("{2150E333-8FDC-42A3-9474-1A3956D46DE8}") = "src", "src", "{62BF61E9-EA6F-4034-AD89-85C86B0968EB}"
EndProject
Project("{2150E333-8FDC-42A3-9474-1A3956D46DE8}") = "build", "build", "{06C2DD10-FEE9-4642-BE3A-02376604EC55}"
	ProjectSection(SolutionItems) = preProject
		azure-pipelines.yml = azure-pipelines.yml
		build\build-docs.bat = build\build-docs.bat
		build\build-snk.bat = build\build-snk.bat
		build\common.props = build\common.props
		build\dependencies.props = build\dependencies.props
		build\Hybrid.snk = build\Hybrid.snk
		build\icon.ico = build\icon.ico
		build\ItemTemplates.txt = build\ItemTemplates.txt
		build\packages.props = build\packages.props
		build\version.props = build\version.props
	EndProjectSection
EndProject
Project("{2150E333-8FDC-42A3-9474-1A3956D46DE8}") = "docs", "docs", "{B6E948B2-9614-4274-96D8-4E51306B8CE4}"
	ProjectSection(SolutionItems) = preProject
		.gitignore = .gitignore
		LICENSE = LICENSE
		README.md = README.md
	EndProjectSection
EndProject
Project("{2150E333-8FDC-42A3-9474-1A3956D46DE8}") = "client", "client", "{D6FCB408-429A-4526-8EFD-FF47620749F0}"
EndProject
Project("{9A19103F-16F7-4668-BE54-9A1E7A4F7556}") = "WpfClient", "samples\client\WpfClient\WpfClient.csproj", "{21C34C17-BC84-413E-B800-72469568589C}"
EndProject
Project("{2150E333-8FDC-42A3-9474-1A3956D46DE8}") = "web", "web", "{1C1C4A35-4250-487E-990A-0193115CAD7D}"
EndProject
Project("{9A19103F-16F7-4668-BE54-9A1E7A4F7556}") = "ConsoleClient", "samples\client\ConsoleClient\ConsoleClient.csproj", "{15F40A1E-5B51-45F4-8DCC-2E5F75BF3606}"
EndProject
Project("{2150E333-8FDC-42A3-9474-1A3956D46DE8}") = "test", "test", "{FDC69CA5-A426-431B-AE34-787822004FB0}"
EndProject
Project("{9A19103F-16F7-4668-BE54-9A1E7A4F7556}") = "Hybrid.Zero", "src\Hybrid.Zero\Hybrid.Zero.csproj", "{329BEA39-F27E-4757-9516-53329A7089C0}"
EndProject
Project("{9A19103F-16F7-4668-BE54-9A1E7A4F7556}") = "Hybrid.Zero.Identity", "src\Hybrid.Zero.Identity\Hybrid.Zero.Identity.csproj", "{804A47BF-A469-4D18-91BD-9FA32DC4F2B4}"
EndProject
Project("{9A19103F-16F7-4668-BE54-9A1E7A4F7556}") = "Hybrid.Zero.IdentityServer4", "src\Hybrid.Zero.IdentityServer4\Hybrid.Zero.IdentityServer4.csproj", "{939DDEB1-4DE1-48BC-AC1C-F6838A6EE37B}"
EndProject
Project("{9A19103F-16F7-4668-BE54-9A1E7A4F7556}") = "Hybrid.MailKit", "src\Hybrid.MailKit\Hybrid.MailKit.csproj", "{3A2C2DE9-1E36-49F4-8ABE-F5AB912C1803}"
EndProject
Project("{9A19103F-16F7-4668-BE54-9A1E7A4F7556}") = "Hybrid.Quartz", "src\Hybrid.Quartz\Hybrid.Quartz.csproj", "{6C2EFE49-35C1-40FD-B385-104ED87C627A}"
EndProject
Project("{9A19103F-16F7-4668-BE54-9A1E7A4F7556}") = "Validate.Tests", "test\Validate.Tests\Validate.Tests.csproj", "{4B28209C-8DCC-4306-9E93-B6B1C8101CED}"
EndProject
Project("{9A19103F-16F7-4668-BE54-9A1E7A4F7556}") = "JobClient", "samples\client\JobClient\JobClient.csproj", "{3B838F77-8743-4BC6-B20B-B0702A68C563}"
EndProject
Project("{2150E333-8FDC-42A3-9474-1A3956D46DE8}") = "sources", "sources", "{C6A30A12-1E1E-46EC-9557-B7672571BBF3}"
EndProject
Project("{9A19103F-16F7-4668-BE54-9A1E7A4F7556}") = "Conmon.Tests", "test\Conmon.Tests\Conmon.Tests.csproj", "{34CBAD41-A5CC-4B28-B928-D238CBB569D3}"
EndProject
Project("{2150E333-8FDC-42A3-9474-1A3956D46DE8}") = "backup", "backup", "{05A6A921-B6C0-40D6-A61E-1212298E8825}"
EndProject
Project("{9A19103F-16F7-4668-BE54-9A1E7A4F7556}") = "Quartz", "sources\quartznet\src\Quartz\Quartz.csproj", "{2D8FA164-DBC6-47B7-BFFA-3DCC743274FE}"
EndProject
Project("{9A19103F-16F7-4668-BE54-9A1E7A4F7556}") = "IdentityServer4", "sources\IdentityServer4\src\IdentityServer4\src\IdentityServer4.csproj", "{0BB5996D-B5C9-45F9-B5A2-58A6DDC545BC}"
EndProject
Project("{9A19103F-16F7-4668-BE54-9A1E7A4F7556}") = "IdentityModel", "sources\IdentityModel\src\IdentityModel.csproj", "{AD5C21E7-6B16-4C6B-B374-13CD620CF743}"
EndProject
Project("{9A19103F-16F7-4668-BE54-9A1E7A4F7556}") = "IdentityServer4.Storage", "sources\IdentityServer4\src\Storage\src\IdentityServer4.Storage.csproj", "{20439E11-2918-4C98-8B76-BB8BED7F7F86}"
EndProject
Project("{9A19103F-16F7-4668-BE54-9A1E7A4F7556}") = "Hybrid", "src\Hybrid\Hybrid.csproj", "{E6A4303D-0253-44F5-8420-1A5F3B10EFB2}"
EndProject
Project("{9A19103F-16F7-4668-BE54-9A1E7A4F7556}") = "Hybrid.AspNetCore", "src\Hybrid.AspNetCore\Hybrid.AspNetCore.csproj", "{3524EF66-415A-414F-A5A7-A198062AD99A}"
EndProject
Project("{9A19103F-16F7-4668-BE54-9A1E7A4F7556}") = "Hybrid.AspNetCore.Diagnostics", "src\Hybrid.AspNetCore.Diagnostics\Hybrid.AspNetCore.Diagnostics.csproj", "{F65C8764-4521-41F4-9514-4E560FCB5AB8}"
EndProject
Project("{9A19103F-16F7-4668-BE54-9A1E7A4F7556}") = "Hybrid.Authorization.Datas", "src\Hybrid.Authorization.Datas\Hybrid.Authorization.Datas.csproj", "{75A5EE8B-2AD2-4389-9990-42CC3DD8E023}"
EndProject
Project("{9A19103F-16F7-4668-BE54-9A1E7A4F7556}") = "Hybrid.Authorization.Functions", "src\Hybrid.Authorization.Functions\Hybrid.Authorization.Functions.csproj", "{2A62C59D-B3CF-4250-9207-60E5B017AA8F}"
EndProject
Project("{9A19103F-16F7-4668-BE54-9A1E7A4F7556}") = "Hybrid.AutoMapper", "src\Hybrid.AutoMapper\Hybrid.AutoMapper.csproj", "{62DEB1AC-84DC-4F32-9C11-F3EBCAFA6B0B}"
EndProject
Project("{9A19103F-16F7-4668-BE54-9A1E7A4F7556}") = "Hybrid.EntityFrameworkCore", "src\Hybrid.EntityFrameworkCore\Hybrid.EntityFrameworkCore.csproj", "{7E515B54-BB61-4FEE-94BB-6367FACE1B5A}"
EndProject
Project("{9A19103F-16F7-4668-BE54-9A1E7A4F7556}") = "Hybrid.EntityFrameworkCore.MySql", "src\Hybrid.EntityFrameworkCore.MySql\Hybrid.EntityFrameworkCore.MySql.csproj", "{ED60BD42-2C9F-4C17-A986-198DE977270C}"
EndProject
Project("{9A19103F-16F7-4668-BE54-9A1E7A4F7556}") = "Hybrid.EntityFrameworkCore.SqlServer", "src\Hybrid.EntityFrameworkCore.SqlServer\Hybrid.EntityFrameworkCore.SqlServer.csproj", "{0BB7C242-C1B1-4CDA-92DE-08EF311AEDD5}"
EndProject
Project("{9A19103F-16F7-4668-BE54-9A1E7A4F7556}") = "Hybrid.Identity", "src\Hybrid.Identity\Hybrid.Identity.csproj", "{A795A926-1A12-4386-B7AF-3298B180C139}"
EndProject
Project("{9A19103F-16F7-4668-BE54-9A1E7A4F7556}") = "Hybrid.NLog", "src\Hybrid.NLog\Hybrid.NLog.csproj", "{5A0EDA1B-3A1B-4A40-A377-334F73178F54}"
EndProject
Project("{9A19103F-16F7-4668-BE54-9A1E7A4F7556}") = "Hybrid.Redis", "src\Hybrid.Redis\Hybrid.Redis.csproj", "{3C80279C-ECE3-473D-B1AF-9B110C50C58D}"
EndProject
Project("{9A19103F-16F7-4668-BE54-9A1E7A4F7556}") = "Hybrid.Swagger", "src\Hybrid.Swagger\Hybrid.Swagger.csproj", "{F04B2F58-FF44-4258-9E31-0BB86B58B6C7}"
EndProject
Project("{2150E333-8FDC-42A3-9474-1A3956D46DE8}") = "Identity", "Identity", "{684D4BE5-7108-41F4-B932-263A98FCDD92}"
EndProject
Project("{9A19103F-16F7-4668-BE54-9A1E7A4F7556}") = "Liuliu.Demo.Core", "samples\web\Identity\Liuliu.Demo.Core\Liuliu.Demo.Core.csproj", "{03EF31EC-35C0-48C2-8510-80925157EDC8}"
EndProject
Project("{9A19103F-16F7-4668-BE54-9A1E7A4F7556}") = "Liuliu.Demo.EntityConfiguration", "samples\web\Identity\Liuliu.Demo.EntityConfiguration\Liuliu.Demo.EntityConfiguration.csproj", "{4A974D67-619A-4947-B998-2CE43AD45678}"
EndProject
Project("{9A19103F-16F7-4668-BE54-9A1E7A4F7556}") = "Liuliu.Demo.Web", "samples\web\Identity\Liuliu.Demo.Web\Liuliu.Demo.Web.csproj", "{633AAB9D-8395-426B-B67F-6F0D3C95D53A}"
EndProject
Project("{2150E333-8FDC-42A3-9474-1A3956D46DE8}") = "IdentityServer4", "IdentityServer4", "{EED258E3-3D75-41F0-BB06-61221823C99A}"
EndProject
Project("{9A19103F-16F7-4668-BE54-9A1E7A4F7556}") = "IdentityServer4.EntityFramework", "sources\IdentityServer4\src\EntityFramework\src\IdentityServer4.EntityFramework.csproj", "{C74A8ED1-EC4B-47D4-92DB-F8A7EE2FC7CB}"
EndProject
Project("{9A19103F-16F7-4668-BE54-9A1E7A4F7556}") = "IdentityServer4.EntityFramework.Storage", "sources\IdentityServer4\src\EntityFramework.Storage\src\IdentityServer4.EntityFramework.Storage.csproj", "{9B0F855E-7052-4247-A2CB-EB9EE12DB378}"
EndProject
Project("{9A19103F-16F7-4668-BE54-9A1E7A4F7556}") = "LeXun.Demo.Core", "samples\web\IdentityServer4\LeXun.Demo.Core\LeXun.Demo.Core.csproj", "{CC960D62-F512-4179-8CC1-A80BCF20DA7A}"
EndProject
Project("{9A19103F-16F7-4668-BE54-9A1E7A4F7556}") = "LeXun.Demo.EntityConfiguration", "samples\web\IdentityServer4\LeXun.Demo.EntityConfiguration\LeXun.Demo.EntityConfiguration.csproj", "{FA581569-35C4-4A96-9DF8-0645B4E67C82}"
EndProject
Project("{9A19103F-16F7-4668-BE54-9A1E7A4F7556}") = "LeXun.Demo.Web", "samples\web\IdentityServer4\LeXun.Demo.Web\LeXun.Demo.Web.csproj", "{5C1222D0-A21F-49D3-AA0B-1F3A0FDE8A04}"
EndProject
Project("{9A19103F-16F7-4668-BE54-9A1E7A4F7556}") = "Skoruba.IdentityServer4.Admin", "sources\IdentityServer4.Admin\src\Skoruba.IdentityServer4.Admin\Skoruba.IdentityServer4.Admin.csproj", "{B8EB1D37-5DF3-44FC-B574-9FA2F3E3F447}"
EndProject
Project("{9A19103F-16F7-4668-BE54-9A1E7A4F7556}") = "Skoruba.IdentityServer4.Admin.Api", "sources\IdentityServer4.Admin\src\Skoruba.IdentityServer4.Admin.Api\Skoruba.IdentityServer4.Admin.Api.csproj", "{E88C33F0-0609-40C2-9DC8-0B5B873EA4D7}"
EndProject
Project("{9A19103F-16F7-4668-BE54-9A1E7A4F7556}") = "Skoruba.IdentityServer4.Admin.BusinessLogic", "sources\IdentityServer4.Admin\src\Skoruba.IdentityServer4.Admin.BusinessLogic\Skoruba.IdentityServer4.Admin.BusinessLogic.csproj", "{0E086FEC-6564-4D77-AE72-7946BE81E41B}"
EndProject
Project("{9A19103F-16F7-4668-BE54-9A1E7A4F7556}") = "Skoruba.IdentityServer4.Admin.BusinessLogic.Identity", "sources\IdentityServer4.Admin\src\Skoruba.IdentityServer4.Admin.BusinessLogic.Identity\Skoruba.IdentityServer4.Admin.BusinessLogic.Identity.csproj", "{76CADE16-876A-47C6-8ECE-0594A9FCCFF5}"
EndProject
Project("{9A19103F-16F7-4668-BE54-9A1E7A4F7556}") = "Skoruba.IdentityServer4.Admin.BusinessLogic.Shared", "sources\IdentityServer4.Admin\src\Skoruba.IdentityServer4.Admin.BusinessLogic.Shared\Skoruba.IdentityServer4.Admin.BusinessLogic.Shared.csproj", "{C09BD599-8E12-4BCD-BBD8-C2984FAD2DB8}"
EndProject
Project("{9A19103F-16F7-4668-BE54-9A1E7A4F7556}") = "Skoruba.IdentityServer4.Admin.EntityFramework", "sources\IdentityServer4.Admin\src\Skoruba.IdentityServer4.Admin.EntityFramework\Skoruba.IdentityServer4.Admin.EntityFramework.csproj", "{DBE8450F-9184-4543-8CE7-13A837F3F5DA}"
EndProject
Project("{9A19103F-16F7-4668-BE54-9A1E7A4F7556}") = "Skoruba.IdentityServer4.Admin.EntityFramework.Extensions", "sources\IdentityServer4.Admin\src\Skoruba.IdentityServer4.Admin.EntityFramework.Extensions\Skoruba.IdentityServer4.Admin.EntityFramework.Extensions.csproj", "{178FAB55-0C97-46B3-9F4E-B35FC1FA1386}"
EndProject
Project("{9A19103F-16F7-4668-BE54-9A1E7A4F7556}") = "Skoruba.IdentityServer4.Admin.EntityFramework.Identity", "sources\IdentityServer4.Admin\src\Skoruba.IdentityServer4.Admin.EntityFramework.Identity\Skoruba.IdentityServer4.Admin.EntityFramework.Identity.csproj", "{6A8747E8-3222-4F4A-94B6-8C5039694026}"
EndProject
Project("{9A19103F-16F7-4668-BE54-9A1E7A4F7556}") = "Skoruba.IdentityServer4.Admin.EntityFramework.Shared", "sources\IdentityServer4.Admin\src\Skoruba.IdentityServer4.Admin.EntityFramework.Shared\Skoruba.IdentityServer4.Admin.EntityFramework.Shared.csproj", "{D248534E-E9A6-4102-941A-F65BFD0DB188}"
EndProject
Project("{9A19103F-16F7-4668-BE54-9A1E7A4F7556}") = "Skoruba.IdentityServer4.STS.Identity", "sources\IdentityServer4.Admin\src\Skoruba.IdentityServer4.STS.Identity\Skoruba.IdentityServer4.STS.Identity.csproj", "{646E4B9F-B9B2-4951-8CA0-EB9AE482FEEC}"
EndProject
Project("{9A19103F-16F7-4668-BE54-9A1E7A4F7556}") = "Skoruba.IdentityServer4.Admin.EntityFramework.MySql", "sources\IdentityServer4.Admin\src\Skoruba.IdentityServer4.Admin.EntityFramework.MySql\Skoruba.IdentityServer4.Admin.EntityFramework.MySql.csproj", "{9FBD832C-0DB1-40EC-AAE6-7CAC565672B6}"
EndProject
Project("{9A19103F-16F7-4668-BE54-9A1E7A4F7556}") = "Skoruba.IdentityServer4.Admin.EntityFramework.PostgreSQL", "sources\IdentityServer4.Admin\src\Skoruba.IdentityServer4.Admin.EntityFramework.PostgreSQL\Skoruba.IdentityServer4.Admin.EntityFramework.PostgreSQL.csproj", "{363F21F0-094B-4717-9FFB-6D56A29EBFB8}"
EndProject
Project("{9A19103F-16F7-4668-BE54-9A1E7A4F7556}") = "Skoruba.IdentityServer4.Admin.EntityFramework.SqlServer", "sources\IdentityServer4.Admin\src\Skoruba.IdentityServer4.Admin.EntityFramework.SqlServer\Skoruba.IdentityServer4.Admin.EntityFramework.SqlServer.csproj", "{E056CD8F-3449-41A4-9375-77CBFC7167E3}"
EndProject
Project("{9A19103F-16F7-4668-BE54-9A1E7A4F7556}") = "Hybrid.EntityFrameworkCore.Sqlite", "src\Hybrid.EntityFrameworkCore.Sqlite\Hybrid.EntityFrameworkCore.Sqlite.csproj", "{2E941D30-8752-4067-87D4-2BE49CCCA0CA}"
EndProject
Project("{9A19103F-16F7-4668-BE54-9A1E7A4F7556}") = "Panda.DynamicWebApi", "sources\Panda.DynamicWebApi\src\Panda.DynamicWebApi\Panda.DynamicWebApi.csproj", "{DE5FC675-5819-4257-A1A4-5D0A81B592EF}"
EndProject
Project("{9A19103F-16F7-4668-BE54-9A1E7A4F7556}") = "Hangfire.SqlServer", "sources\Hangfire\src\Hangfire.SqlServer\Hangfire.SqlServer.csproj", "{5F1427DA-6EA0-4D9B-9D27-2B966EBEF80F}"
EndProject
Project("{9A19103F-16F7-4668-BE54-9A1E7A4F7556}") = "Hangfire.Core", "sources\Hangfire\src\Hangfire.Core\Hangfire.Core.csproj", "{F36234D0-2559-4A04-AB3A-B0ECA8CF28B5}"
EndProject
Global
	GlobalSection(SolutionConfigurationPlatforms) = preSolution
		Debug|Any CPU = Debug|Any CPU
		Release|Any CPU = Release|Any CPU
	EndGlobalSection
	GlobalSection(ProjectConfigurationPlatforms) = postSolution
		{21C34C17-BC84-413E-B800-72469568589C}.Debug|Any CPU.ActiveCfg = Debug|Any CPU
		{21C34C17-BC84-413E-B800-72469568589C}.Debug|Any CPU.Build.0 = Debug|Any CPU
		{21C34C17-BC84-413E-B800-72469568589C}.Release|Any CPU.ActiveCfg = Release|Any CPU
		{21C34C17-BC84-413E-B800-72469568589C}.Release|Any CPU.Build.0 = Release|Any CPU
		{15F40A1E-5B51-45F4-8DCC-2E5F75BF3606}.Debug|Any CPU.ActiveCfg = Debug|Any CPU
		{15F40A1E-5B51-45F4-8DCC-2E5F75BF3606}.Debug|Any CPU.Build.0 = Debug|Any CPU
		{15F40A1E-5B51-45F4-8DCC-2E5F75BF3606}.Release|Any CPU.ActiveCfg = Release|Any CPU
		{15F40A1E-5B51-45F4-8DCC-2E5F75BF3606}.Release|Any CPU.Build.0 = Release|Any CPU
		{329BEA39-F27E-4757-9516-53329A7089C0}.Debug|Any CPU.ActiveCfg = Debug|Any CPU
		{329BEA39-F27E-4757-9516-53329A7089C0}.Debug|Any CPU.Build.0 = Debug|Any CPU
		{329BEA39-F27E-4757-9516-53329A7089C0}.Release|Any CPU.ActiveCfg = Release|Any CPU
		{329BEA39-F27E-4757-9516-53329A7089C0}.Release|Any CPU.Build.0 = Release|Any CPU
		{804A47BF-A469-4D18-91BD-9FA32DC4F2B4}.Debug|Any CPU.ActiveCfg = Debug|Any CPU
		{804A47BF-A469-4D18-91BD-9FA32DC4F2B4}.Debug|Any CPU.Build.0 = Debug|Any CPU
		{804A47BF-A469-4D18-91BD-9FA32DC4F2B4}.Release|Any CPU.ActiveCfg = Release|Any CPU
		{804A47BF-A469-4D18-91BD-9FA32DC4F2B4}.Release|Any CPU.Build.0 = Release|Any CPU
		{939DDEB1-4DE1-48BC-AC1C-F6838A6EE37B}.Debug|Any CPU.ActiveCfg = Debug|Any CPU
		{939DDEB1-4DE1-48BC-AC1C-F6838A6EE37B}.Debug|Any CPU.Build.0 = Debug|Any CPU
		{939DDEB1-4DE1-48BC-AC1C-F6838A6EE37B}.Release|Any CPU.ActiveCfg = Release|Any CPU
		{939DDEB1-4DE1-48BC-AC1C-F6838A6EE37B}.Release|Any CPU.Build.0 = Release|Any CPU
		{3A2C2DE9-1E36-49F4-8ABE-F5AB912C1803}.Debug|Any CPU.ActiveCfg = Debug|Any CPU
		{3A2C2DE9-1E36-49F4-8ABE-F5AB912C1803}.Debug|Any CPU.Build.0 = Debug|Any CPU
		{3A2C2DE9-1E36-49F4-8ABE-F5AB912C1803}.Release|Any CPU.ActiveCfg = Release|Any CPU
		{3A2C2DE9-1E36-49F4-8ABE-F5AB912C1803}.Release|Any CPU.Build.0 = Release|Any CPU
		{6C2EFE49-35C1-40FD-B385-104ED87C627A}.Debug|Any CPU.ActiveCfg = Debug|Any CPU
		{6C2EFE49-35C1-40FD-B385-104ED87C627A}.Debug|Any CPU.Build.0 = Debug|Any CPU
		{6C2EFE49-35C1-40FD-B385-104ED87C627A}.Release|Any CPU.ActiveCfg = Release|Any CPU
		{6C2EFE49-35C1-40FD-B385-104ED87C627A}.Release|Any CPU.Build.0 = Release|Any CPU
		{4B28209C-8DCC-4306-9E93-B6B1C8101CED}.Debug|Any CPU.ActiveCfg = Debug|Any CPU
		{4B28209C-8DCC-4306-9E93-B6B1C8101CED}.Debug|Any CPU.Build.0 = Debug|Any CPU
		{4B28209C-8DCC-4306-9E93-B6B1C8101CED}.Release|Any CPU.ActiveCfg = Release|Any CPU
		{4B28209C-8DCC-4306-9E93-B6B1C8101CED}.Release|Any CPU.Build.0 = Release|Any CPU
		{3B838F77-8743-4BC6-B20B-B0702A68C563}.Debug|Any CPU.ActiveCfg = Debug|Any CPU
		{3B838F77-8743-4BC6-B20B-B0702A68C563}.Debug|Any CPU.Build.0 = Debug|Any CPU
		{3B838F77-8743-4BC6-B20B-B0702A68C563}.Release|Any CPU.ActiveCfg = Release|Any CPU
		{3B838F77-8743-4BC6-B20B-B0702A68C563}.Release|Any CPU.Build.0 = Release|Any CPU
		{34CBAD41-A5CC-4B28-B928-D238CBB569D3}.Debug|Any CPU.ActiveCfg = Debug|Any CPU
		{34CBAD41-A5CC-4B28-B928-D238CBB569D3}.Debug|Any CPU.Build.0 = Debug|Any CPU
		{34CBAD41-A5CC-4B28-B928-D238CBB569D3}.Release|Any CPU.ActiveCfg = Release|Any CPU
		{34CBAD41-A5CC-4B28-B928-D238CBB569D3}.Release|Any CPU.Build.0 = Release|Any CPU
		{2D8FA164-DBC6-47B7-BFFA-3DCC743274FE}.Debug|Any CPU.ActiveCfg = Debug|Any CPU
		{2D8FA164-DBC6-47B7-BFFA-3DCC743274FE}.Debug|Any CPU.Build.0 = Debug|Any CPU
		{2D8FA164-DBC6-47B7-BFFA-3DCC743274FE}.Release|Any CPU.ActiveCfg = Release|Any CPU
		{2D8FA164-DBC6-47B7-BFFA-3DCC743274FE}.Release|Any CPU.Build.0 = Release|Any CPU
		{0BB5996D-B5C9-45F9-B5A2-58A6DDC545BC}.Debug|Any CPU.ActiveCfg = Debug|Any CPU
		{0BB5996D-B5C9-45F9-B5A2-58A6DDC545BC}.Debug|Any CPU.Build.0 = Debug|Any CPU
		{0BB5996D-B5C9-45F9-B5A2-58A6DDC545BC}.Release|Any CPU.ActiveCfg = Release|Any CPU
		{0BB5996D-B5C9-45F9-B5A2-58A6DDC545BC}.Release|Any CPU.Build.0 = Release|Any CPU
		{AD5C21E7-6B16-4C6B-B374-13CD620CF743}.Debug|Any CPU.ActiveCfg = Debug|Any CPU
		{AD5C21E7-6B16-4C6B-B374-13CD620CF743}.Debug|Any CPU.Build.0 = Debug|Any CPU
		{AD5C21E7-6B16-4C6B-B374-13CD620CF743}.Release|Any CPU.ActiveCfg = Release|Any CPU
		{AD5C21E7-6B16-4C6B-B374-13CD620CF743}.Release|Any CPU.Build.0 = Release|Any CPU
		{20439E11-2918-4C98-8B76-BB8BED7F7F86}.Debug|Any CPU.ActiveCfg = Debug|Any CPU
		{20439E11-2918-4C98-8B76-BB8BED7F7F86}.Debug|Any CPU.Build.0 = Debug|Any CPU
		{20439E11-2918-4C98-8B76-BB8BED7F7F86}.Release|Any CPU.ActiveCfg = Release|Any CPU
		{20439E11-2918-4C98-8B76-BB8BED7F7F86}.Release|Any CPU.Build.0 = Release|Any CPU
		{E6A4303D-0253-44F5-8420-1A5F3B10EFB2}.Debug|Any CPU.ActiveCfg = Debug|Any CPU
		{E6A4303D-0253-44F5-8420-1A5F3B10EFB2}.Debug|Any CPU.Build.0 = Debug|Any CPU
		{E6A4303D-0253-44F5-8420-1A5F3B10EFB2}.Release|Any CPU.ActiveCfg = Release|Any CPU
		{E6A4303D-0253-44F5-8420-1A5F3B10EFB2}.Release|Any CPU.Build.0 = Release|Any CPU
		{3524EF66-415A-414F-A5A7-A198062AD99A}.Debug|Any CPU.ActiveCfg = Debug|Any CPU
		{3524EF66-415A-414F-A5A7-A198062AD99A}.Debug|Any CPU.Build.0 = Debug|Any CPU
		{3524EF66-415A-414F-A5A7-A198062AD99A}.Release|Any CPU.ActiveCfg = Release|Any CPU
		{3524EF66-415A-414F-A5A7-A198062AD99A}.Release|Any CPU.Build.0 = Release|Any CPU
		{F65C8764-4521-41F4-9514-4E560FCB5AB8}.Debug|Any CPU.ActiveCfg = Debug|Any CPU
		{F65C8764-4521-41F4-9514-4E560FCB5AB8}.Debug|Any CPU.Build.0 = Debug|Any CPU
		{F65C8764-4521-41F4-9514-4E560FCB5AB8}.Release|Any CPU.ActiveCfg = Release|Any CPU
		{F65C8764-4521-41F4-9514-4E560FCB5AB8}.Release|Any CPU.Build.0 = Release|Any CPU
		{75A5EE8B-2AD2-4389-9990-42CC3DD8E023}.Debug|Any CPU.ActiveCfg = Debug|Any CPU
		{75A5EE8B-2AD2-4389-9990-42CC3DD8E023}.Debug|Any CPU.Build.0 = Debug|Any CPU
		{75A5EE8B-2AD2-4389-9990-42CC3DD8E023}.Release|Any CPU.ActiveCfg = Release|Any CPU
		{75A5EE8B-2AD2-4389-9990-42CC3DD8E023}.Release|Any CPU.Build.0 = Release|Any CPU
		{2A62C59D-B3CF-4250-9207-60E5B017AA8F}.Debug|Any CPU.ActiveCfg = Debug|Any CPU
		{2A62C59D-B3CF-4250-9207-60E5B017AA8F}.Debug|Any CPU.Build.0 = Debug|Any CPU
		{2A62C59D-B3CF-4250-9207-60E5B017AA8F}.Release|Any CPU.ActiveCfg = Release|Any CPU
		{2A62C59D-B3CF-4250-9207-60E5B017AA8F}.Release|Any CPU.Build.0 = Release|Any CPU
		{62DEB1AC-84DC-4F32-9C11-F3EBCAFA6B0B}.Debug|Any CPU.ActiveCfg = Debug|Any CPU
		{62DEB1AC-84DC-4F32-9C11-F3EBCAFA6B0B}.Debug|Any CPU.Build.0 = Debug|Any CPU
		{62DEB1AC-84DC-4F32-9C11-F3EBCAFA6B0B}.Release|Any CPU.ActiveCfg = Release|Any CPU
		{62DEB1AC-84DC-4F32-9C11-F3EBCAFA6B0B}.Release|Any CPU.Build.0 = Release|Any CPU
		{7E515B54-BB61-4FEE-94BB-6367FACE1B5A}.Debug|Any CPU.ActiveCfg = Debug|Any CPU
		{7E515B54-BB61-4FEE-94BB-6367FACE1B5A}.Debug|Any CPU.Build.0 = Debug|Any CPU
		{7E515B54-BB61-4FEE-94BB-6367FACE1B5A}.Release|Any CPU.ActiveCfg = Release|Any CPU
		{7E515B54-BB61-4FEE-94BB-6367FACE1B5A}.Release|Any CPU.Build.0 = Release|Any CPU
		{ED60BD42-2C9F-4C17-A986-198DE977270C}.Debug|Any CPU.ActiveCfg = Debug|Any CPU
		{ED60BD42-2C9F-4C17-A986-198DE977270C}.Debug|Any CPU.Build.0 = Debug|Any CPU
		{ED60BD42-2C9F-4C17-A986-198DE977270C}.Release|Any CPU.ActiveCfg = Release|Any CPU
		{ED60BD42-2C9F-4C17-A986-198DE977270C}.Release|Any CPU.Build.0 = Release|Any CPU
		{0BB7C242-C1B1-4CDA-92DE-08EF311AEDD5}.Debug|Any CPU.ActiveCfg = Debug|Any CPU
		{0BB7C242-C1B1-4CDA-92DE-08EF311AEDD5}.Debug|Any CPU.Build.0 = Debug|Any CPU
		{0BB7C242-C1B1-4CDA-92DE-08EF311AEDD5}.Release|Any CPU.ActiveCfg = Release|Any CPU
		{0BB7C242-C1B1-4CDA-92DE-08EF311AEDD5}.Release|Any CPU.Build.0 = Release|Any CPU
		{A795A926-1A12-4386-B7AF-3298B180C139}.Debug|Any CPU.ActiveCfg = Debug|Any CPU
		{A795A926-1A12-4386-B7AF-3298B180C139}.Debug|Any CPU.Build.0 = Debug|Any CPU
		{A795A926-1A12-4386-B7AF-3298B180C139}.Release|Any CPU.ActiveCfg = Release|Any CPU
		{A795A926-1A12-4386-B7AF-3298B180C139}.Release|Any CPU.Build.0 = Release|Any CPU
		{5A0EDA1B-3A1B-4A40-A377-334F73178F54}.Debug|Any CPU.ActiveCfg = Debug|Any CPU
		{5A0EDA1B-3A1B-4A40-A377-334F73178F54}.Debug|Any CPU.Build.0 = Debug|Any CPU
		{5A0EDA1B-3A1B-4A40-A377-334F73178F54}.Release|Any CPU.ActiveCfg = Release|Any CPU
		{5A0EDA1B-3A1B-4A40-A377-334F73178F54}.Release|Any CPU.Build.0 = Release|Any CPU
		{3C80279C-ECE3-473D-B1AF-9B110C50C58D}.Debug|Any CPU.ActiveCfg = Debug|Any CPU
		{3C80279C-ECE3-473D-B1AF-9B110C50C58D}.Debug|Any CPU.Build.0 = Debug|Any CPU
		{3C80279C-ECE3-473D-B1AF-9B110C50C58D}.Release|Any CPU.ActiveCfg = Release|Any CPU
		{3C80279C-ECE3-473D-B1AF-9B110C50C58D}.Release|Any CPU.Build.0 = Release|Any CPU
		{F04B2F58-FF44-4258-9E31-0BB86B58B6C7}.Debug|Any CPU.ActiveCfg = Debug|Any CPU
		{F04B2F58-FF44-4258-9E31-0BB86B58B6C7}.Debug|Any CPU.Build.0 = Debug|Any CPU
		{F04B2F58-FF44-4258-9E31-0BB86B58B6C7}.Release|Any CPU.ActiveCfg = Release|Any CPU
		{F04B2F58-FF44-4258-9E31-0BB86B58B6C7}.Release|Any CPU.Build.0 = Release|Any CPU
		{03EF31EC-35C0-48C2-8510-80925157EDC8}.Debug|Any CPU.ActiveCfg = Debug|Any CPU
		{03EF31EC-35C0-48C2-8510-80925157EDC8}.Debug|Any CPU.Build.0 = Debug|Any CPU
		{03EF31EC-35C0-48C2-8510-80925157EDC8}.Release|Any CPU.ActiveCfg = Release|Any CPU
		{03EF31EC-35C0-48C2-8510-80925157EDC8}.Release|Any CPU.Build.0 = Release|Any CPU
		{4A974D67-619A-4947-B998-2CE43AD45678}.Debug|Any CPU.ActiveCfg = Debug|Any CPU
		{4A974D67-619A-4947-B998-2CE43AD45678}.Debug|Any CPU.Build.0 = Debug|Any CPU
		{4A974D67-619A-4947-B998-2CE43AD45678}.Release|Any CPU.ActiveCfg = Release|Any CPU
		{4A974D67-619A-4947-B998-2CE43AD45678}.Release|Any CPU.Build.0 = Release|Any CPU
		{633AAB9D-8395-426B-B67F-6F0D3C95D53A}.Debug|Any CPU.ActiveCfg = Debug|Any CPU
		{633AAB9D-8395-426B-B67F-6F0D3C95D53A}.Debug|Any CPU.Build.0 = Debug|Any CPU
		{633AAB9D-8395-426B-B67F-6F0D3C95D53A}.Release|Any CPU.ActiveCfg = Release|Any CPU
		{633AAB9D-8395-426B-B67F-6F0D3C95D53A}.Release|Any CPU.Build.0 = Release|Any CPU
		{C74A8ED1-EC4B-47D4-92DB-F8A7EE2FC7CB}.Debug|Any CPU.ActiveCfg = Debug|Any CPU
		{C74A8ED1-EC4B-47D4-92DB-F8A7EE2FC7CB}.Debug|Any CPU.Build.0 = Debug|Any CPU
		{C74A8ED1-EC4B-47D4-92DB-F8A7EE2FC7CB}.Release|Any CPU.ActiveCfg = Release|Any CPU
		{C74A8ED1-EC4B-47D4-92DB-F8A7EE2FC7CB}.Release|Any CPU.Build.0 = Release|Any CPU
		{9B0F855E-7052-4247-A2CB-EB9EE12DB378}.Debug|Any CPU.ActiveCfg = Debug|Any CPU
		{9B0F855E-7052-4247-A2CB-EB9EE12DB378}.Debug|Any CPU.Build.0 = Debug|Any CPU
		{9B0F855E-7052-4247-A2CB-EB9EE12DB378}.Release|Any CPU.ActiveCfg = Release|Any CPU
		{9B0F855E-7052-4247-A2CB-EB9EE12DB378}.Release|Any CPU.Build.0 = Release|Any CPU
		{CC960D62-F512-4179-8CC1-A80BCF20DA7A}.Debug|Any CPU.ActiveCfg = Debug|Any CPU
		{CC960D62-F512-4179-8CC1-A80BCF20DA7A}.Debug|Any CPU.Build.0 = Debug|Any CPU
		{CC960D62-F512-4179-8CC1-A80BCF20DA7A}.Release|Any CPU.ActiveCfg = Release|Any CPU
		{CC960D62-F512-4179-8CC1-A80BCF20DA7A}.Release|Any CPU.Build.0 = Release|Any CPU
		{FA581569-35C4-4A96-9DF8-0645B4E67C82}.Debug|Any CPU.ActiveCfg = Debug|Any CPU
		{FA581569-35C4-4A96-9DF8-0645B4E67C82}.Debug|Any CPU.Build.0 = Debug|Any CPU
		{FA581569-35C4-4A96-9DF8-0645B4E67C82}.Release|Any CPU.ActiveCfg = Release|Any CPU
		{FA581569-35C4-4A96-9DF8-0645B4E67C82}.Release|Any CPU.Build.0 = Release|Any CPU
		{5C1222D0-A21F-49D3-AA0B-1F3A0FDE8A04}.Debug|Any CPU.ActiveCfg = Debug|Any CPU
		{5C1222D0-A21F-49D3-AA0B-1F3A0FDE8A04}.Debug|Any CPU.Build.0 = Debug|Any CPU
		{5C1222D0-A21F-49D3-AA0B-1F3A0FDE8A04}.Release|Any CPU.ActiveCfg = Release|Any CPU
		{5C1222D0-A21F-49D3-AA0B-1F3A0FDE8A04}.Release|Any CPU.Build.0 = Release|Any CPU
		{B8EB1D37-5DF3-44FC-B574-9FA2F3E3F447}.Debug|Any CPU.ActiveCfg = Debug|Any CPU
		{B8EB1D37-5DF3-44FC-B574-9FA2F3E3F447}.Debug|Any CPU.Build.0 = Debug|Any CPU
		{B8EB1D37-5DF3-44FC-B574-9FA2F3E3F447}.Release|Any CPU.ActiveCfg = Release|Any CPU
		{B8EB1D37-5DF3-44FC-B574-9FA2F3E3F447}.Release|Any CPU.Build.0 = Release|Any CPU
		{E88C33F0-0609-40C2-9DC8-0B5B873EA4D7}.Debug|Any CPU.ActiveCfg = Debug|Any CPU
		{E88C33F0-0609-40C2-9DC8-0B5B873EA4D7}.Debug|Any CPU.Build.0 = Debug|Any CPU
		{E88C33F0-0609-40C2-9DC8-0B5B873EA4D7}.Release|Any CPU.ActiveCfg = Release|Any CPU
		{E88C33F0-0609-40C2-9DC8-0B5B873EA4D7}.Release|Any CPU.Build.0 = Release|Any CPU
		{0E086FEC-6564-4D77-AE72-7946BE81E41B}.Debug|Any CPU.ActiveCfg = Debug|Any CPU
		{0E086FEC-6564-4D77-AE72-7946BE81E41B}.Debug|Any CPU.Build.0 = Debug|Any CPU
		{0E086FEC-6564-4D77-AE72-7946BE81E41B}.Release|Any CPU.ActiveCfg = Release|Any CPU
		{0E086FEC-6564-4D77-AE72-7946BE81E41B}.Release|Any CPU.Build.0 = Release|Any CPU
		{76CADE16-876A-47C6-8ECE-0594A9FCCFF5}.Debug|Any CPU.ActiveCfg = Debug|Any CPU
		{76CADE16-876A-47C6-8ECE-0594A9FCCFF5}.Debug|Any CPU.Build.0 = Debug|Any CPU
		{76CADE16-876A-47C6-8ECE-0594A9FCCFF5}.Release|Any CPU.ActiveCfg = Release|Any CPU
		{76CADE16-876A-47C6-8ECE-0594A9FCCFF5}.Release|Any CPU.Build.0 = Release|Any CPU
		{C09BD599-8E12-4BCD-BBD8-C2984FAD2DB8}.Debug|Any CPU.ActiveCfg = Debug|Any CPU
		{C09BD599-8E12-4BCD-BBD8-C2984FAD2DB8}.Debug|Any CPU.Build.0 = Debug|Any CPU
		{C09BD599-8E12-4BCD-BBD8-C2984FAD2DB8}.Release|Any CPU.ActiveCfg = Release|Any CPU
		{C09BD599-8E12-4BCD-BBD8-C2984FAD2DB8}.Release|Any CPU.Build.0 = Release|Any CPU
		{DBE8450F-9184-4543-8CE7-13A837F3F5DA}.Debug|Any CPU.ActiveCfg = Debug|Any CPU
		{DBE8450F-9184-4543-8CE7-13A837F3F5DA}.Debug|Any CPU.Build.0 = Debug|Any CPU
		{DBE8450F-9184-4543-8CE7-13A837F3F5DA}.Release|Any CPU.ActiveCfg = Release|Any CPU
		{DBE8450F-9184-4543-8CE7-13A837F3F5DA}.Release|Any CPU.Build.0 = Release|Any CPU
		{178FAB55-0C97-46B3-9F4E-B35FC1FA1386}.Debug|Any CPU.ActiveCfg = Debug|Any CPU
		{178FAB55-0C97-46B3-9F4E-B35FC1FA1386}.Debug|Any CPU.Build.0 = Debug|Any CPU
		{178FAB55-0C97-46B3-9F4E-B35FC1FA1386}.Release|Any CPU.ActiveCfg = Release|Any CPU
		{178FAB55-0C97-46B3-9F4E-B35FC1FA1386}.Release|Any CPU.Build.0 = Release|Any CPU
		{6A8747E8-3222-4F4A-94B6-8C5039694026}.Debug|Any CPU.ActiveCfg = Debug|Any CPU
		{6A8747E8-3222-4F4A-94B6-8C5039694026}.Debug|Any CPU.Build.0 = Debug|Any CPU
		{6A8747E8-3222-4F4A-94B6-8C5039694026}.Release|Any CPU.ActiveCfg = Release|Any CPU
		{6A8747E8-3222-4F4A-94B6-8C5039694026}.Release|Any CPU.Build.0 = Release|Any CPU
		{D248534E-E9A6-4102-941A-F65BFD0DB188}.Debug|Any CPU.ActiveCfg = Debug|Any CPU
		{D248534E-E9A6-4102-941A-F65BFD0DB188}.Debug|Any CPU.Build.0 = Debug|Any CPU
		{D248534E-E9A6-4102-941A-F65BFD0DB188}.Release|Any CPU.ActiveCfg = Release|Any CPU
		{D248534E-E9A6-4102-941A-F65BFD0DB188}.Release|Any CPU.Build.0 = Release|Any CPU
		{646E4B9F-B9B2-4951-8CA0-EB9AE482FEEC}.Debug|Any CPU.ActiveCfg = Debug|Any CPU
		{646E4B9F-B9B2-4951-8CA0-EB9AE482FEEC}.Debug|Any CPU.Build.0 = Debug|Any CPU
		{646E4B9F-B9B2-4951-8CA0-EB9AE482FEEC}.Release|Any CPU.ActiveCfg = Release|Any CPU
		{646E4B9F-B9B2-4951-8CA0-EB9AE482FEEC}.Release|Any CPU.Build.0 = Release|Any CPU
		{9FBD832C-0DB1-40EC-AAE6-7CAC565672B6}.Debug|Any CPU.ActiveCfg = Debug|Any CPU
		{9FBD832C-0DB1-40EC-AAE6-7CAC565672B6}.Debug|Any CPU.Build.0 = Debug|Any CPU
		{9FBD832C-0DB1-40EC-AAE6-7CAC565672B6}.Release|Any CPU.ActiveCfg = Release|Any CPU
		{9FBD832C-0DB1-40EC-AAE6-7CAC565672B6}.Release|Any CPU.Build.0 = Release|Any CPU
		{363F21F0-094B-4717-9FFB-6D56A29EBFB8}.Debug|Any CPU.ActiveCfg = Debug|Any CPU
		{363F21F0-094B-4717-9FFB-6D56A29EBFB8}.Debug|Any CPU.Build.0 = Debug|Any CPU
		{363F21F0-094B-4717-9FFB-6D56A29EBFB8}.Release|Any CPU.ActiveCfg = Release|Any CPU
		{363F21F0-094B-4717-9FFB-6D56A29EBFB8}.Release|Any CPU.Build.0 = Release|Any CPU
		{E056CD8F-3449-41A4-9375-77CBFC7167E3}.Debug|Any CPU.ActiveCfg = Debug|Any CPU
		{E056CD8F-3449-41A4-9375-77CBFC7167E3}.Debug|Any CPU.Build.0 = Debug|Any CPU
		{E056CD8F-3449-41A4-9375-77CBFC7167E3}.Release|Any CPU.ActiveCfg = Release|Any CPU
		{E056CD8F-3449-41A4-9375-77CBFC7167E3}.Release|Any CPU.Build.0 = Release|Any CPU
		{2E941D30-8752-4067-87D4-2BE49CCCA0CA}.Debug|Any CPU.ActiveCfg = Debug|Any CPU
		{2E941D30-8752-4067-87D4-2BE49CCCA0CA}.Debug|Any CPU.Build.0 = Debug|Any CPU
		{2E941D30-8752-4067-87D4-2BE49CCCA0CA}.Release|Any CPU.ActiveCfg = Release|Any CPU
		{2E941D30-8752-4067-87D4-2BE49CCCA0CA}.Release|Any CPU.Build.0 = Release|Any CPU
		{DE5FC675-5819-4257-A1A4-5D0A81B592EF}.Debug|Any CPU.ActiveCfg = Debug|Any CPU
		{DE5FC675-5819-4257-A1A4-5D0A81B592EF}.Debug|Any CPU.Build.0 = Debug|Any CPU
		{DE5FC675-5819-4257-A1A4-5D0A81B592EF}.Release|Any CPU.ActiveCfg = Release|Any CPU
		{DE5FC675-5819-4257-A1A4-5D0A81B592EF}.Release|Any CPU.Build.0 = Release|Any CPU
		{5F1427DA-6EA0-4D9B-9D27-2B966EBEF80F}.Debug|Any CPU.ActiveCfg = Debug|Any CPU
		{5F1427DA-6EA0-4D9B-9D27-2B966EBEF80F}.Debug|Any CPU.Build.0 = Debug|Any CPU
		{5F1427DA-6EA0-4D9B-9D27-2B966EBEF80F}.Release|Any CPU.ActiveCfg = Release|Any CPU
		{5F1427DA-6EA0-4D9B-9D27-2B966EBEF80F}.Release|Any CPU.Build.0 = Release|Any CPU
		{F36234D0-2559-4A04-AB3A-B0ECA8CF28B5}.Debug|Any CPU.ActiveCfg = Debug|Any CPU
		{F36234D0-2559-4A04-AB3A-B0ECA8CF28B5}.Debug|Any CPU.Build.0 = Debug|Any CPU
		{F36234D0-2559-4A04-AB3A-B0ECA8CF28B5}.Release|Any CPU.ActiveCfg = Release|Any CPU
		{F36234D0-2559-4A04-AB3A-B0ECA8CF28B5}.Release|Any CPU.Build.0 = Release|Any CPU
	EndGlobalSection
	GlobalSection(SolutionProperties) = preSolution
		HideSolutionNode = FALSE
	EndGlobalSection
	GlobalSection(NestedProjects) = preSolution
		{D6FCB408-429A-4526-8EFD-FF47620749F0} = {3ED41773-9B24-4B30-99EA-9516520EA477}
		{21C34C17-BC84-413E-B800-72469568589C} = {D6FCB408-429A-4526-8EFD-FF47620749F0}
		{1C1C4A35-4250-487E-990A-0193115CAD7D} = {3ED41773-9B24-4B30-99EA-9516520EA477}
		{15F40A1E-5B51-45F4-8DCC-2E5F75BF3606} = {D6FCB408-429A-4526-8EFD-FF47620749F0}
		{329BEA39-F27E-4757-9516-53329A7089C0} = {62BF61E9-EA6F-4034-AD89-85C86B0968EB}
		{804A47BF-A469-4D18-91BD-9FA32DC4F2B4} = {62BF61E9-EA6F-4034-AD89-85C86B0968EB}
		{939DDEB1-4DE1-48BC-AC1C-F6838A6EE37B} = {62BF61E9-EA6F-4034-AD89-85C86B0968EB}
		{3A2C2DE9-1E36-49F4-8ABE-F5AB912C1803} = {62BF61E9-EA6F-4034-AD89-85C86B0968EB}
		{6C2EFE49-35C1-40FD-B385-104ED87C627A} = {62BF61E9-EA6F-4034-AD89-85C86B0968EB}
		{4B28209C-8DCC-4306-9E93-B6B1C8101CED} = {FDC69CA5-A426-431B-AE34-787822004FB0}
		{3B838F77-8743-4BC6-B20B-B0702A68C563} = {D6FCB408-429A-4526-8EFD-FF47620749F0}
		{34CBAD41-A5CC-4B28-B928-D238CBB569D3} = {FDC69CA5-A426-431B-AE34-787822004FB0}
		{2D8FA164-DBC6-47B7-BFFA-3DCC743274FE} = {C6A30A12-1E1E-46EC-9557-B7672571BBF3}
		{0BB5996D-B5C9-45F9-B5A2-58A6DDC545BC} = {C6A30A12-1E1E-46EC-9557-B7672571BBF3}
		{AD5C21E7-6B16-4C6B-B374-13CD620CF743} = {C6A30A12-1E1E-46EC-9557-B7672571BBF3}
		{20439E11-2918-4C98-8B76-BB8BED7F7F86} = {C6A30A12-1E1E-46EC-9557-B7672571BBF3}
		{E6A4303D-0253-44F5-8420-1A5F3B10EFB2} = {62BF61E9-EA6F-4034-AD89-85C86B0968EB}
		{3524EF66-415A-414F-A5A7-A198062AD99A} = {62BF61E9-EA6F-4034-AD89-85C86B0968EB}
		{F65C8764-4521-41F4-9514-4E560FCB5AB8} = {62BF61E9-EA6F-4034-AD89-85C86B0968EB}
		{75A5EE8B-2AD2-4389-9990-42CC3DD8E023} = {62BF61E9-EA6F-4034-AD89-85C86B0968EB}
		{2A62C59D-B3CF-4250-9207-60E5B017AA8F} = {62BF61E9-EA6F-4034-AD89-85C86B0968EB}
		{62DEB1AC-84DC-4F32-9C11-F3EBCAFA6B0B} = {62BF61E9-EA6F-4034-AD89-85C86B0968EB}
		{7E515B54-BB61-4FEE-94BB-6367FACE1B5A} = {62BF61E9-EA6F-4034-AD89-85C86B0968EB}
		{ED60BD42-2C9F-4C17-A986-198DE977270C} = {62BF61E9-EA6F-4034-AD89-85C86B0968EB}
		{0BB7C242-C1B1-4CDA-92DE-08EF311AEDD5} = {62BF61E9-EA6F-4034-AD89-85C86B0968EB}
		{A795A926-1A12-4386-B7AF-3298B180C139} = {62BF61E9-EA6F-4034-AD89-85C86B0968EB}
		{5A0EDA1B-3A1B-4A40-A377-334F73178F54} = {62BF61E9-EA6F-4034-AD89-85C86B0968EB}
		{3C80279C-ECE3-473D-B1AF-9B110C50C58D} = {62BF61E9-EA6F-4034-AD89-85C86B0968EB}
		{F04B2F58-FF44-4258-9E31-0BB86B58B6C7} = {62BF61E9-EA6F-4034-AD89-85C86B0968EB}
		{684D4BE5-7108-41F4-B932-263A98FCDD92} = {1C1C4A35-4250-487E-990A-0193115CAD7D}
		{03EF31EC-35C0-48C2-8510-80925157EDC8} = {684D4BE5-7108-41F4-B932-263A98FCDD92}
		{4A974D67-619A-4947-B998-2CE43AD45678} = {684D4BE5-7108-41F4-B932-263A98FCDD92}
		{633AAB9D-8395-426B-B67F-6F0D3C95D53A} = {684D4BE5-7108-41F4-B932-263A98FCDD92}
		{EED258E3-3D75-41F0-BB06-61221823C99A} = {1C1C4A35-4250-487E-990A-0193115CAD7D}
		{C74A8ED1-EC4B-47D4-92DB-F8A7EE2FC7CB} = {C6A30A12-1E1E-46EC-9557-B7672571BBF3}
		{9B0F855E-7052-4247-A2CB-EB9EE12DB378} = {C6A30A12-1E1E-46EC-9557-B7672571BBF3}
		{CC960D62-F512-4179-8CC1-A80BCF20DA7A} = {EED258E3-3D75-41F0-BB06-61221823C99A}
		{FA581569-35C4-4A96-9DF8-0645B4E67C82} = {EED258E3-3D75-41F0-BB06-61221823C99A}
		{5C1222D0-A21F-49D3-AA0B-1F3A0FDE8A04} = {EED258E3-3D75-41F0-BB06-61221823C99A}
		{B8EB1D37-5DF3-44FC-B574-9FA2F3E3F447} = {C6A30A12-1E1E-46EC-9557-B7672571BBF3}
		{E88C33F0-0609-40C2-9DC8-0B5B873EA4D7} = {C6A30A12-1E1E-46EC-9557-B7672571BBF3}
		{0E086FEC-6564-4D77-AE72-7946BE81E41B} = {C6A30A12-1E1E-46EC-9557-B7672571BBF3}
		{76CADE16-876A-47C6-8ECE-0594A9FCCFF5} = {C6A30A12-1E1E-46EC-9557-B7672571BBF3}
		{C09BD599-8E12-4BCD-BBD8-C2984FAD2DB8} = {C6A30A12-1E1E-46EC-9557-B7672571BBF3}
		{DBE8450F-9184-4543-8CE7-13A837F3F5DA} = {C6A30A12-1E1E-46EC-9557-B7672571BBF3}
		{178FAB55-0C97-46B3-9F4E-B35FC1FA1386} = {C6A30A12-1E1E-46EC-9557-B7672571BBF3}
		{6A8747E8-3222-4F4A-94B6-8C5039694026} = {C6A30A12-1E1E-46EC-9557-B7672571BBF3}
		{D248534E-E9A6-4102-941A-F65BFD0DB188} = {C6A30A12-1E1E-46EC-9557-B7672571BBF3}
		{646E4B9F-B9B2-4951-8CA0-EB9AE482FEEC} = {C6A30A12-1E1E-46EC-9557-B7672571BBF3}
		{9FBD832C-0DB1-40EC-AAE6-7CAC565672B6} = {C6A30A12-1E1E-46EC-9557-B7672571BBF3}
		{363F21F0-094B-4717-9FFB-6D56A29EBFB8} = {C6A30A12-1E1E-46EC-9557-B7672571BBF3}
		{E056CD8F-3449-41A4-9375-77CBFC7167E3} = {C6A30A12-1E1E-46EC-9557-B7672571BBF3}
		{2E941D30-8752-4067-87D4-2BE49CCCA0CA} = {62BF61E9-EA6F-4034-AD89-85C86B0968EB}
		{DE5FC675-5819-4257-A1A4-5D0A81B592EF} = {C6A30A12-1E1E-46EC-9557-B7672571BBF3}
		{5F1427DA-6EA0-4D9B-9D27-2B966EBEF80F} = {C6A30A12-1E1E-46EC-9557-B7672571BBF3}
		{F36234D0-2559-4A04-AB3A-B0ECA8CF28B5} = {C6A30A12-1E1E-46EC-9557-B7672571BBF3}
	EndGlobalSection
	GlobalSection(ExtensibilityGlobals) = postSolution
		SolutionGuid = {EB048828-DF83-45AB-943F-330B891075BB}
	EndGlobalSection
EndGlobal
