
Microsoft Visual Studio Solution File, Format Version 12.00
# Visual Studio Version 16
VisualStudioVersion = 16.0.29418.71
MinimumVisualStudioVersion = 10.0.40219.1
Project("{2150E333-8FDC-42A3-9474-1A3956D46DE8}") = "samples", "samples", "{3ED41773-9B24-4B30-99EA-9516520EA477}"
EndProject
Project("{2150E333-8FDC-42A3-9474-1A3956D46DE8}") = "src", "src", "{62BF61E9-EA6F-4034-AD89-85C86B0968EB}"
EndProject
Project("{2150E333-8FDC-42A3-9474-1A3956D46DE8}") = "build", "build", "{06C2DD10-FEE9-4642-BE3A-02376604EC55}"
	ProjectSection(SolutionItems) = preProject
		azure-pipelines.yml = azure-pipelines.yml
		build\build-docs.bat = build\build-docs.bat
		build\build-snk.bat = build\build-snk.bat
		build\common.props = build\common.props
		build\dependencies.props = build\dependencies.props
		build\Hybrid.snk = build\Hybrid.snk
		build\icon.ico = build\icon.ico
		build\ItemTemplates.txt = build\ItemTemplates.txt
		build\packages.props = build\packages.props
		build\version.props = build\version.props
	EndProjectSection
EndProject
Project("{2150E333-8FDC-42A3-9474-1A3956D46DE8}") = "docs", "docs", "{B6E948B2-9614-4274-96D8-4E51306B8CE4}"
	ProjectSection(SolutionItems) = preProject
		.gitignore = .gitignore
		README.md = README.md
	EndProjectSection
EndProject
Project("{2150E333-8FDC-42A3-9474-1A3956D46DE8}") = "client", "client", "{D6FCB408-429A-4526-8EFD-FF47620749F0}"
EndProject
Project("{9A19103F-16F7-4668-BE54-9A1E7A4F7556}") = "WpfClient", "samples\client\WpfClient\WpfClient.csproj", "{21C34C17-BC84-413E-B800-72469568589C}"
EndProject
Project("{2150E333-8FDC-42A3-9474-1A3956D46DE8}") = "web", "web", "{1C1C4A35-4250-487E-990A-0193115CAD7D}"
EndProject
Project("{9A19103F-16F7-4668-BE54-9A1E7A4F7556}") = "IdentityServer4.Web", "samples\web\IdentityServer4.Web\IdentityServer4.Web.csproj", "{0F79BCE5-6F74-4023-9116-9E499CC4CA78}"
EndProject
Project("{9A19103F-16F7-4668-BE54-9A1E7A4F7556}") = "ConsoleClient", "samples\client\ConsoleClient\ConsoleClient.csproj", "{15F40A1E-5B51-45F4-8DCC-2E5F75BF3606}"
EndProject
Project("{2150E333-8FDC-42A3-9474-1A3956D46DE8}") = "test", "test", "{FDC69CA5-A426-431B-AE34-787822004FB0}"
EndProject
Project("{9A19103F-16F7-4668-BE54-9A1E7A4F7556}") = "Test.Web", "samples\web\Test.Web\Test.Web.csproj", "{BB102949-8905-409A-8F78-9675DCB31394}"
EndProject
Project("{9A19103F-16F7-4668-BE54-9A1E7A4F7556}") = "Hybrid", "src\Hybrid\Hybrid.csproj", "{76584947-FEB6-4B36-8F5E-0E720499573C}"
EndProject
Project("{9A19103F-16F7-4668-BE54-9A1E7A4F7556}") = "Hybrid.AspNetCore", "src\Hybrid.AspNetCore\Hybrid.AspNetCore.csproj", "{EAD7074A-69EA-49C1-9025-06AE3161CBFA}"
EndProject
Project("{9A19103F-16F7-4668-BE54-9A1E7A4F7556}") = "Hybrid.AutoMapper", "src\Hybrid.AutoMapper\Hybrid.AutoMapper.csproj", "{93C8FBF2-6332-4E6C-B7B2-B976D16F93AC}"
EndProject
Project("{9A19103F-16F7-4668-BE54-9A1E7A4F7556}") = "Hybrid.EntityFrameworkCore", "src\Hybrid.EntityFrameworkCore\Hybrid.EntityFrameworkCore.csproj", "{B2AFB221-F061-4095-9F05-D48F05FDB149}"
EndProject
Project("{9A19103F-16F7-4668-BE54-9A1E7A4F7556}") = "Hybrid.EntityFrameworkCore.SqlServer", "src\Hybrid.EntityFrameworkCore.SqlServer\Hybrid.EntityFrameworkCore.SqlServer.csproj", "{92BF11C0-61C0-4A33-B8E8-23095506AD78}"
EndProject
Project("{9A19103F-16F7-4668-BE54-9A1E7A4F7556}") = "Hybrid.NLog", "src\Hybrid.NLog\Hybrid.NLog.csproj", "{6538E570-5813-4B2F-B0BF-1E1E8015B99D}"
EndProject
Project("{9A19103F-16F7-4668-BE54-9A1E7A4F7556}") = "Hybrid.Zero", "src\Hybrid.Zero\Hybrid.Zero.csproj", "{329BEA39-F27E-4757-9516-53329A7089C0}"
EndProject
Project("{9A19103F-16F7-4668-BE54-9A1E7A4F7556}") = "Hybrid.Zero.Identity", "src\Hybrid.Zero.Identity\Hybrid.Zero.Identity.csproj", "{804A47BF-A469-4D18-91BD-9FA32DC4F2B4}"
EndProject
Project("{9A19103F-16F7-4668-BE54-9A1E7A4F7556}") = "Hybrid.Zero.IdentityServer4", "src\Hybrid.Zero.IdentityServer4\Hybrid.Zero.IdentityServer4.csproj", "{939DDEB1-4DE1-48BC-AC1C-F6838A6EE37B}"
EndProject
Project("{9A19103F-16F7-4668-BE54-9A1E7A4F7556}") = "Hybrid.MailKit", "src\Hybrid.MailKit\Hybrid.MailKit.csproj", "{3A2C2DE9-1E36-49F4-8ABE-F5AB912C1803}"
EndProject
Project("{9A19103F-16F7-4668-BE54-9A1E7A4F7556}") = "Hybrid.EntityFrameworkCore.MySql", "src\Hybrid.EntityFrameworkCore.MySql\Hybrid.EntityFrameworkCore.MySql.csproj", "{31D44F20-C7DF-4763-9ABD-93B235379B5F}"
EndProject
Project("{9A19103F-16F7-4668-BE54-9A1E7A4F7556}") = "Hybrid.EntityFrameworkCore.Sqlite", "src\Hybrid.EntityFrameworkCore.Sqlite\Hybrid.EntityFrameworkCore.Sqlite.csproj", "{EA1355AC-1DA1-4518-BDDE-9186A94B675A}"
EndProject
Project("{9A19103F-16F7-4668-BE54-9A1E7A4F7556}") = "Hybrid.Redis", "src\Hybrid.Redis\Hybrid.Redis.csproj", "{71A4644B-3B5B-4793-AF86-EA928D8F9DAF}"
EndProject
Project("{9A19103F-16F7-4668-BE54-9A1E7A4F7556}") = "Hybrid.Quartz", "src\Hybrid.Quartz\Hybrid.Quartz.csproj", "{6C2EFE49-35C1-40FD-B385-104ED87C627A}"
EndProject
Project("{9A19103F-16F7-4668-BE54-9A1E7A4F7556}") = "Hybrid.AspNetCore.Diagnostics", "src\Hybrid.AspNetCore.Diagnostics\Hybrid.AspNetCore.Diagnostics.csproj", "{BB6F7B67-371B-4349-BA38-BF35765016B1}"
EndProject
Project("{9A19103F-16F7-4668-BE54-9A1E7A4F7556}") = "Validate.Tests", "test\Validate.Tests\Validate.Tests.csproj", "{4B28209C-8DCC-4306-9E93-B6B1C8101CED}"
EndProject
Project("{9A19103F-16F7-4668-BE54-9A1E7A4F7556}") = "JobClient", "samples\client\JobClient\JobClient.csproj", "{3B838F77-8743-4BC6-B20B-B0702A68C563}"
EndProject
Project("{2150E333-8FDC-42A3-9474-1A3956D46DE8}") = "sources", "sources", "{C6A30A12-1E1E-46EC-9557-B7672571BBF3}"
EndProject
Project("{9A19103F-16F7-4668-BE54-9A1E7A4F7556}") = "Conmon.Tests", "test\Conmon.Tests\Conmon.Tests.csproj", "{34CBAD41-A5CC-4B28-B928-D238CBB569D3}"
EndProject
Project("{2150E333-8FDC-42A3-9474-1A3956D46DE8}") = "backup", "backup", "{05A6A921-B6C0-40D6-A61E-1212298E8825}"
EndProject
Project("{9A19103F-16F7-4668-BE54-9A1E7A4F7556}") = "Quartz", "sources\quartznet\src\Quartz\Quartz.csproj", "{2D8FA164-DBC6-47B7-BFFA-3DCC743274FE}"
EndProject
Project("{9A19103F-16F7-4668-BE54-9A1E7A4F7556}") = "IdentityServer4", "sources\IdentityServer4\src\IdentityServer4\src\IdentityServer4.csproj", "{0BB5996D-B5C9-45F9-B5A2-58A6DDC545BC}"
EndProject
Project("{9A19103F-16F7-4668-BE54-9A1E7A4F7556}") = "IdentityModel", "sources\IdentityModel\src\IdentityModel.csproj", "{AD5C21E7-6B16-4C6B-B374-13CD620CF743}"
EndProject
Project("{9A19103F-16F7-4668-BE54-9A1E7A4F7556}") = "IdentityServer4.Storage", "sources\IdentityServer4\src\Storage\src\IdentityServer4.Storage.csproj", "{20439E11-2918-4C98-8B76-BB8BED7F7F86}"
EndProject
Project("{9A19103F-16F7-4668-BE54-9A1E7A4F7556}") = "OSharp", "sources\osharp\src\OSharp\OSharp.csproj", "{29903A80-68B4-46FB-97C8-FA2110235F3E}"
EndProject
Project("{9A19103F-16F7-4668-BE54-9A1E7A4F7556}") = "OSharp.AspNetCore", "sources\osharp\src\OSharp.AspNetCore\OSharp.AspNetCore.csproj", "{5D0D0A5F-BC33-443C-82B9-BB806E95B44F}"
EndProject
Project("{9A19103F-16F7-4668-BE54-9A1E7A4F7556}") = "OSharp.EntityFrameworkCore", "sources\osharp\src\OSharp.EntityFrameworkCore\OSharp.EntityFrameworkCore.csproj", "{10BF2F3E-011F-4BAF-AD64-250A0B3FE1D8}"
EndProject
Project("{9A19103F-16F7-4668-BE54-9A1E7A4F7556}") = "OSharp.Exceptionless", "sources\osharp\src\OSharp.Exceptionless\OSharp.Exceptionless.csproj", "{7933FE52-793E-49BA-8AD1-F5C3AB2D0256}"
EndProject
Project("{9A19103F-16F7-4668-BE54-9A1E7A4F7556}") = "OSharp.AspNetCore.Diagnostics", "sources\osharp\src\OSharp.AspNetCore.Diagnostics\OSharp.AspNetCore.Diagnostics.csproj", "{BA4156A8-7C48-4BCD-9C71-552FB3C29270}"
EndProject
Project("{9A19103F-16F7-4668-BE54-9A1E7A4F7556}") = "OSharp.Authorization.Datas", "sources\osharp\src\OSharp.Authorization.Datas\OSharp.Authorization.Datas.csproj", "{E9830C4D-89E8-4126-B1E8-8A636427DF76}"
EndProject
Project("{9A19103F-16F7-4668-BE54-9A1E7A4F7556}") = "OSharp.Authorization.Functions", "sources\osharp\src\OSharp.Authorization.Functions\OSharp.Authorization.Functions.csproj", "{AF6DC3E6-7E65-4F4E-B7A8-7D2DD872928B}"
EndProject
Project("{9A19103F-16F7-4668-BE54-9A1E7A4F7556}") = "OSharp.AutoMapper", "sources\osharp\src\OSharp.AutoMapper\OSharp.AutoMapper.csproj", "{912124F6-0185-4C97-BE4B-7EE999322D19}"
EndProject
Project("{9A19103F-16F7-4668-BE54-9A1E7A4F7556}") = "OSharp.CodeGeneration", "sources\osharp\src\OSharp.CodeGeneration\OSharp.CodeGeneration.csproj", "{792AD50C-B9C5-47CF-815D-CF10B1A1EBDF}"
EndProject
Project("{9A19103F-16F7-4668-BE54-9A1E7A4F7556}") = "OSharp.EntityFrameworkCore.MySql", "sources\osharp\src\OSharp.EntityFrameworkCore.MySql\OSharp.EntityFrameworkCore.MySql.csproj", "{EE38C6F7-47BC-48EA-BDF6-0196626711A7}"
EndProject
Project("{9A19103F-16F7-4668-BE54-9A1E7A4F7556}") = "OSharp.Swagger", "sources\osharp\src\OSharp.Swagger\OSharp.Swagger.csproj", "{14305D41-8D24-40DE-8F09-2BE34DADEA96}"
EndProject
Global
	GlobalSection(SolutionConfigurationPlatforms) = preSolution
		Debug|Any CPU = Debug|Any CPU
		Release|Any CPU = Release|Any CPU
	EndGlobalSection
	GlobalSection(ProjectConfigurationPlatforms) = postSolution
		{21C34C17-BC84-413E-B800-72469568589C}.Debug|Any CPU.ActiveCfg = Debug|Any CPU
		{21C34C17-BC84-413E-B800-72469568589C}.Debug|Any CPU.Build.0 = Debug|Any CPU
		{21C34C17-BC84-413E-B800-72469568589C}.Release|Any CPU.ActiveCfg = Release|Any CPU
		{21C34C17-BC84-413E-B800-72469568589C}.Release|Any CPU.Build.0 = Release|Any CPU
		{0F79BCE5-6F74-4023-9116-9E499CC4CA78}.Debug|Any CPU.ActiveCfg = Debug|Any CPU
		{0F79BCE5-6F74-4023-9116-9E499CC4CA78}.Debug|Any CPU.Build.0 = Debug|Any CPU
		{0F79BCE5-6F74-4023-9116-9E499CC4CA78}.Release|Any CPU.ActiveCfg = Release|Any CPU
		{0F79BCE5-6F74-4023-9116-9E499CC4CA78}.Release|Any CPU.Build.0 = Release|Any CPU
		{15F40A1E-5B51-45F4-8DCC-2E5F75BF3606}.Debug|Any CPU.ActiveCfg = Debug|Any CPU
		{15F40A1E-5B51-45F4-8DCC-2E5F75BF3606}.Debug|Any CPU.Build.0 = Debug|Any CPU
		{15F40A1E-5B51-45F4-8DCC-2E5F75BF3606}.Release|Any CPU.ActiveCfg = Release|Any CPU
		{15F40A1E-5B51-45F4-8DCC-2E5F75BF3606}.Release|Any CPU.Build.0 = Release|Any CPU
		{BB102949-8905-409A-8F78-9675DCB31394}.Debug|Any CPU.ActiveCfg = Debug|Any CPU
		{BB102949-8905-409A-8F78-9675DCB31394}.Debug|Any CPU.Build.0 = Debug|Any CPU
		{BB102949-8905-409A-8F78-9675DCB31394}.Release|Any CPU.ActiveCfg = Release|Any CPU
		{BB102949-8905-409A-8F78-9675DCB31394}.Release|Any CPU.Build.0 = Release|Any CPU
		{76584947-FEB6-4B36-8F5E-0E720499573C}.Debug|Any CPU.ActiveCfg = Debug|Any CPU
		{76584947-FEB6-4B36-8F5E-0E720499573C}.Debug|Any CPU.Build.0 = Debug|Any CPU
		{76584947-FEB6-4B36-8F5E-0E720499573C}.Release|Any CPU.ActiveCfg = Release|Any CPU
		{76584947-FEB6-4B36-8F5E-0E720499573C}.Release|Any CPU.Build.0 = Release|Any CPU
		{EAD7074A-69EA-49C1-9025-06AE3161CBFA}.Debug|Any CPU.ActiveCfg = Debug|Any CPU
		{EAD7074A-69EA-49C1-9025-06AE3161CBFA}.Debug|Any CPU.Build.0 = Debug|Any CPU
		{EAD7074A-69EA-49C1-9025-06AE3161CBFA}.Release|Any CPU.ActiveCfg = Release|Any CPU
		{EAD7074A-69EA-49C1-9025-06AE3161CBFA}.Release|Any CPU.Build.0 = Release|Any CPU
		{93C8FBF2-6332-4E6C-B7B2-B976D16F93AC}.Debug|Any CPU.ActiveCfg = Debug|Any CPU
		{93C8FBF2-6332-4E6C-B7B2-B976D16F93AC}.Debug|Any CPU.Build.0 = Debug|Any CPU
		{93C8FBF2-6332-4E6C-B7B2-B976D16F93AC}.Release|Any CPU.ActiveCfg = Release|Any CPU
		{93C8FBF2-6332-4E6C-B7B2-B976D16F93AC}.Release|Any CPU.Build.0 = Release|Any CPU
		{B2AFB221-F061-4095-9F05-D48F05FDB149}.Debug|Any CPU.ActiveCfg = Debug|Any CPU
		{B2AFB221-F061-4095-9F05-D48F05FDB149}.Debug|Any CPU.Build.0 = Debug|Any CPU
		{B2AFB221-F061-4095-9F05-D48F05FDB149}.Release|Any CPU.ActiveCfg = Release|Any CPU
		{B2AFB221-F061-4095-9F05-D48F05FDB149}.Release|Any CPU.Build.0 = Release|Any CPU
		{92BF11C0-61C0-4A33-B8E8-23095506AD78}.Debug|Any CPU.ActiveCfg = Debug|Any CPU
		{92BF11C0-61C0-4A33-B8E8-23095506AD78}.Debug|Any CPU.Build.0 = Debug|Any CPU
		{92BF11C0-61C0-4A33-B8E8-23095506AD78}.Release|Any CPU.ActiveCfg = Release|Any CPU
		{92BF11C0-61C0-4A33-B8E8-23095506AD78}.Release|Any CPU.Build.0 = Release|Any CPU
		{6538E570-5813-4B2F-B0BF-1E1E8015B99D}.Debug|Any CPU.ActiveCfg = Debug|Any CPU
		{6538E570-5813-4B2F-B0BF-1E1E8015B99D}.Debug|Any CPU.Build.0 = Debug|Any CPU
		{6538E570-5813-4B2F-B0BF-1E1E8015B99D}.Release|Any CPU.ActiveCfg = Release|Any CPU
		{6538E570-5813-4B2F-B0BF-1E1E8015B99D}.Release|Any CPU.Build.0 = Release|Any CPU
		{329BEA39-F27E-4757-9516-53329A7089C0}.Debug|Any CPU.ActiveCfg = Debug|Any CPU
		{329BEA39-F27E-4757-9516-53329A7089C0}.Debug|Any CPU.Build.0 = Debug|Any CPU
		{329BEA39-F27E-4757-9516-53329A7089C0}.Release|Any CPU.ActiveCfg = Release|Any CPU
		{329BEA39-F27E-4757-9516-53329A7089C0}.Release|Any CPU.Build.0 = Release|Any CPU
		{804A47BF-A469-4D18-91BD-9FA32DC4F2B4}.Debug|Any CPU.ActiveCfg = Debug|Any CPU
		{804A47BF-A469-4D18-91BD-9FA32DC4F2B4}.Debug|Any CPU.Build.0 = Debug|Any CPU
		{804A47BF-A469-4D18-91BD-9FA32DC4F2B4}.Release|Any CPU.ActiveCfg = Release|Any CPU
		{804A47BF-A469-4D18-91BD-9FA32DC4F2B4}.Release|Any CPU.Build.0 = Release|Any CPU
		{939DDEB1-4DE1-48BC-AC1C-F6838A6EE37B}.Debug|Any CPU.ActiveCfg = Debug|Any CPU
		{939DDEB1-4DE1-48BC-AC1C-F6838A6EE37B}.Debug|Any CPU.Build.0 = Debug|Any CPU
		{939DDEB1-4DE1-48BC-AC1C-F6838A6EE37B}.Release|Any CPU.ActiveCfg = Release|Any CPU
		{939DDEB1-4DE1-48BC-AC1C-F6838A6EE37B}.Release|Any CPU.Build.0 = Release|Any CPU
		{3A2C2DE9-1E36-49F4-8ABE-F5AB912C1803}.Debug|Any CPU.ActiveCfg = Debug|Any CPU
		{3A2C2DE9-1E36-49F4-8ABE-F5AB912C1803}.Debug|Any CPU.Build.0 = Debug|Any CPU
		{3A2C2DE9-1E36-49F4-8ABE-F5AB912C1803}.Release|Any CPU.ActiveCfg = Release|Any CPU
		{3A2C2DE9-1E36-49F4-8ABE-F5AB912C1803}.Release|Any CPU.Build.0 = Release|Any CPU
		{31D44F20-C7DF-4763-9ABD-93B235379B5F}.Debug|Any CPU.ActiveCfg = Debug|Any CPU
		{31D44F20-C7DF-4763-9ABD-93B235379B5F}.Debug|Any CPU.Build.0 = Debug|Any CPU
		{31D44F20-C7DF-4763-9ABD-93B235379B5F}.Release|Any CPU.ActiveCfg = Release|Any CPU
		{31D44F20-C7DF-4763-9ABD-93B235379B5F}.Release|Any CPU.Build.0 = Release|Any CPU
		{EA1355AC-1DA1-4518-BDDE-9186A94B675A}.Debug|Any CPU.ActiveCfg = Debug|Any CPU
		{EA1355AC-1DA1-4518-BDDE-9186A94B675A}.Debug|Any CPU.Build.0 = Debug|Any CPU
		{EA1355AC-1DA1-4518-BDDE-9186A94B675A}.Release|Any CPU.ActiveCfg = Release|Any CPU
		{EA1355AC-1DA1-4518-BDDE-9186A94B675A}.Release|Any CPU.Build.0 = Release|Any CPU
		{71A4644B-3B5B-4793-AF86-EA928D8F9DAF}.Debug|Any CPU.ActiveCfg = Debug|Any CPU
		{71A4644B-3B5B-4793-AF86-EA928D8F9DAF}.Debug|Any CPU.Build.0 = Debug|Any CPU
		{71A4644B-3B5B-4793-AF86-EA928D8F9DAF}.Release|Any CPU.ActiveCfg = Release|Any CPU
		{71A4644B-3B5B-4793-AF86-EA928D8F9DAF}.Release|Any CPU.Build.0 = Release|Any CPU
		{6C2EFE49-35C1-40FD-B385-104ED87C627A}.Debug|Any CPU.ActiveCfg = Debug|Any CPU
		{6C2EFE49-35C1-40FD-B385-104ED87C627A}.Debug|Any CPU.Build.0 = Debug|Any CPU
		{6C2EFE49-35C1-40FD-B385-104ED87C627A}.Release|Any CPU.ActiveCfg = Release|Any CPU
		{6C2EFE49-35C1-40FD-B385-104ED87C627A}.Release|Any CPU.Build.0 = Release|Any CPU
		{BB6F7B67-371B-4349-BA38-BF35765016B1}.Debug|Any CPU.ActiveCfg = Debug|Any CPU
		{BB6F7B67-371B-4349-BA38-BF35765016B1}.Debug|Any CPU.Build.0 = Debug|Any CPU
		{BB6F7B67-371B-4349-BA38-BF35765016B1}.Release|Any CPU.ActiveCfg = Release|Any CPU
		{BB6F7B67-371B-4349-BA38-BF35765016B1}.Release|Any CPU.Build.0 = Release|Any CPU
		{4B28209C-8DCC-4306-9E93-B6B1C8101CED}.Debug|Any CPU.ActiveCfg = Debug|Any CPU
		{4B28209C-8DCC-4306-9E93-B6B1C8101CED}.Debug|Any CPU.Build.0 = Debug|Any CPU
		{4B28209C-8DCC-4306-9E93-B6B1C8101CED}.Release|Any CPU.ActiveCfg = Release|Any CPU
		{4B28209C-8DCC-4306-9E93-B6B1C8101CED}.Release|Any CPU.Build.0 = Release|Any CPU
		{3B838F77-8743-4BC6-B20B-B0702A68C563}.Debug|Any CPU.ActiveCfg = Debug|Any CPU
		{3B838F77-8743-4BC6-B20B-B0702A68C563}.Debug|Any CPU.Build.0 = Debug|Any CPU
		{3B838F77-8743-4BC6-B20B-B0702A68C563}.Release|Any CPU.ActiveCfg = Release|Any CPU
		{3B838F77-8743-4BC6-B20B-B0702A68C563}.Release|Any CPU.Build.0 = Release|Any CPU
		{34CBAD41-A5CC-4B28-B928-D238CBB569D3}.Debug|Any CPU.ActiveCfg = Debug|Any CPU
		{34CBAD41-A5CC-4B28-B928-D238CBB569D3}.Debug|Any CPU.Build.0 = Debug|Any CPU
		{34CBAD41-A5CC-4B28-B928-D238CBB569D3}.Release|Any CPU.ActiveCfg = Release|Any CPU
		{34CBAD41-A5CC-4B28-B928-D238CBB569D3}.Release|Any CPU.Build.0 = Release|Any CPU
		{2D8FA164-DBC6-47B7-BFFA-3DCC743274FE}.Debug|Any CPU.ActiveCfg = Debug|Any CPU
		{2D8FA164-DBC6-47B7-BFFA-3DCC743274FE}.Debug|Any CPU.Build.0 = Debug|Any CPU
		{2D8FA164-DBC6-47B7-BFFA-3DCC743274FE}.Release|Any CPU.ActiveCfg = Release|Any CPU
		{2D8FA164-DBC6-47B7-BFFA-3DCC743274FE}.Release|Any CPU.Build.0 = Release|Any CPU
		{0BB5996D-B5C9-45F9-B5A2-58A6DDC545BC}.Debug|Any CPU.ActiveCfg = Debug|Any CPU
		{0BB5996D-B5C9-45F9-B5A2-58A6DDC545BC}.Debug|Any CPU.Build.0 = Debug|Any CPU
		{0BB5996D-B5C9-45F9-B5A2-58A6DDC545BC}.Release|Any CPU.ActiveCfg = Release|Any CPU
		{0BB5996D-B5C9-45F9-B5A2-58A6DDC545BC}.Release|Any CPU.Build.0 = Release|Any CPU
		{AD5C21E7-6B16-4C6B-B374-13CD620CF743}.Debug|Any CPU.ActiveCfg = Debug|Any CPU
		{AD5C21E7-6B16-4C6B-B374-13CD620CF743}.Debug|Any CPU.Build.0 = Debug|Any CPU
		{AD5C21E7-6B16-4C6B-B374-13CD620CF743}.Release|Any CPU.ActiveCfg = Release|Any CPU
		{AD5C21E7-6B16-4C6B-B374-13CD620CF743}.Release|Any CPU.Build.0 = Release|Any CPU
		{20439E11-2918-4C98-8B76-BB8BED7F7F86}.Debug|Any CPU.ActiveCfg = Debug|Any CPU
		{20439E11-2918-4C98-8B76-BB8BED7F7F86}.Debug|Any CPU.Build.0 = Debug|Any CPU
		{20439E11-2918-4C98-8B76-BB8BED7F7F86}.Release|Any CPU.ActiveCfg = Release|Any CPU
		{20439E11-2918-4C98-8B76-BB8BED7F7F86}.Release|Any CPU.Build.0 = Release|Any CPU
		{29903A80-68B4-46FB-97C8-FA2110235F3E}.Debug|Any CPU.ActiveCfg = Debug|Any CPU
		{29903A80-68B4-46FB-97C8-FA2110235F3E}.Debug|Any CPU.Build.0 = Debug|Any CPU
		{29903A80-68B4-46FB-97C8-FA2110235F3E}.Release|Any CPU.ActiveCfg = Release|Any CPU
		{29903A80-68B4-46FB-97C8-FA2110235F3E}.Release|Any CPU.Build.0 = Release|Any CPU
		{5D0D0A5F-BC33-443C-82B9-BB806E95B44F}.Debug|Any CPU.ActiveCfg = Debug|Any CPU
		{5D0D0A5F-BC33-443C-82B9-BB806E95B44F}.Debug|Any CPU.Build.0 = Debug|Any CPU
		{5D0D0A5F-BC33-443C-82B9-BB806E95B44F}.Release|Any CPU.ActiveCfg = Release|Any CPU
		{5D0D0A5F-BC33-443C-82B9-BB806E95B44F}.Release|Any CPU.Build.0 = Release|Any CPU
		{10BF2F3E-011F-4BAF-AD64-250A0B3FE1D8}.Debug|Any CPU.ActiveCfg = Debug|Any CPU
		{10BF2F3E-011F-4BAF-AD64-250A0B3FE1D8}.Debug|Any CPU.Build.0 = Debug|Any CPU
		{10BF2F3E-011F-4BAF-AD64-250A0B3FE1D8}.Release|Any CPU.ActiveCfg = Release|Any CPU
		{10BF2F3E-011F-4BAF-AD64-250A0B3FE1D8}.Release|Any CPU.Build.0 = Release|Any CPU
		{7933FE52-793E-49BA-8AD1-F5C3AB2D0256}.Debug|Any CPU.ActiveCfg = Debug|Any CPU
		{7933FE52-793E-49BA-8AD1-F5C3AB2D0256}.Debug|Any CPU.Build.0 = Debug|Any CPU
		{7933FE52-793E-49BA-8AD1-F5C3AB2D0256}.Release|Any CPU.ActiveCfg = Release|Any CPU
		{7933FE52-793E-49BA-8AD1-F5C3AB2D0256}.Release|Any CPU.Build.0 = Release|Any CPU
		{BA4156A8-7C48-4BCD-9C71-552FB3C29270}.Debug|Any CPU.ActiveCfg = Debug|Any CPU
		{BA4156A8-7C48-4BCD-9C71-552FB3C29270}.Debug|Any CPU.Build.0 = Debug|Any CPU
		{BA4156A8-7C48-4BCD-9C71-552FB3C29270}.Release|Any CPU.ActiveCfg = Release|Any CPU
		{BA4156A8-7C48-4BCD-9C71-552FB3C29270}.Release|Any CPU.Build.0 = Release|Any CPU
		{E9830C4D-89E8-4126-B1E8-8A636427DF76}.Debug|Any CPU.ActiveCfg = Debug|Any CPU
		{E9830C4D-89E8-4126-B1E8-8A636427DF76}.Debug|Any CPU.Build.0 = Debug|Any CPU
		{E9830C4D-89E8-4126-B1E8-8A636427DF76}.Release|Any CPU.ActiveCfg = Release|Any CPU
		{E9830C4D-89E8-4126-B1E8-8A636427DF76}.Release|Any CPU.Build.0 = Release|Any CPU
		{AF6DC3E6-7E65-4F4E-B7A8-7D2DD872928B}.Debug|Any CPU.ActiveCfg = Debug|Any CPU
		{AF6DC3E6-7E65-4F4E-B7A8-7D2DD872928B}.Debug|Any CPU.Build.0 = Debug|Any CPU
		{AF6DC3E6-7E65-4F4E-B7A8-7D2DD872928B}.Release|Any CPU.ActiveCfg = Release|Any CPU
		{AF6DC3E6-7E65-4F4E-B7A8-7D2DD872928B}.Release|Any CPU.Build.0 = Release|Any CPU
		{912124F6-0185-4C97-BE4B-7EE999322D19}.Debug|Any CPU.ActiveCfg = Debug|Any CPU
		{912124F6-0185-4C97-BE4B-7EE999322D19}.Debug|Any CPU.Build.0 = Debug|Any CPU
		{912124F6-0185-4C97-BE4B-7EE999322D19}.Release|Any CPU.ActiveCfg = Release|Any CPU
		{912124F6-0185-4C97-BE4B-7EE999322D19}.Release|Any CPU.Build.0 = Release|Any CPU
		{792AD50C-B9C5-47CF-815D-CF10B1A1EBDF}.Debug|Any CPU.ActiveCfg = Debug|Any CPU
		{792AD50C-B9C5-47CF-815D-CF10B1A1EBDF}.Debug|Any CPU.Build.0 = Debug|Any CPU
		{792AD50C-B9C5-47CF-815D-CF10B1A1EBDF}.Release|Any CPU.ActiveCfg = Release|Any CPU
		{792AD50C-B9C5-47CF-815D-CF10B1A1EBDF}.Release|Any CPU.Build.0 = Release|Any CPU
		{EE38C6F7-47BC-48EA-BDF6-0196626711A7}.Debug|Any CPU.ActiveCfg = Debug|Any CPU
		{EE38C6F7-47BC-48EA-BDF6-0196626711A7}.Debug|Any CPU.Build.0 = Debug|Any CPU
		{EE38C6F7-47BC-48EA-BDF6-0196626711A7}.Release|Any CPU.ActiveCfg = Release|Any CPU
		{EE38C6F7-47BC-48EA-BDF6-0196626711A7}.Release|Any CPU.Build.0 = Release|Any CPU
		{14305D41-8D24-40DE-8F09-2BE34DADEA96}.Debug|Any CPU.ActiveCfg = Debug|Any CPU
		{14305D41-8D24-40DE-8F09-2BE34DADEA96}.Debug|Any CPU.Build.0 = Debug|Any CPU
		{14305D41-8D24-40DE-8F09-2BE34DADEA96}.Release|Any CPU.ActiveCfg = Release|Any CPU
		{14305D41-8D24-40DE-8F09-2BE34DADEA96}.Release|Any CPU.Build.0 = Release|Any CPU
	EndGlobalSection
	GlobalSection(SolutionProperties) = preSolution
		HideSolutionNode = FALSE
	EndGlobalSection
	GlobalSection(NestedProjects) = preSolution
		{D6FCB408-429A-4526-8EFD-FF47620749F0} = {3ED41773-9B24-4B30-99EA-9516520EA477}
		{21C34C17-BC84-413E-B800-72469568589C} = {D6FCB408-429A-4526-8EFD-FF47620749F0}
		{1C1C4A35-4250-487E-990A-0193115CAD7D} = {3ED41773-9B24-4B30-99EA-9516520EA477}
		{0F79BCE5-6F74-4023-9116-9E499CC4CA78} = {1C1C4A35-4250-487E-990A-0193115CAD7D}
		{15F40A1E-5B51-45F4-8DCC-2E5F75BF3606} = {D6FCB408-429A-4526-8EFD-FF47620749F0}
		{BB102949-8905-409A-8F78-9675DCB31394} = {1C1C4A35-4250-487E-990A-0193115CAD7D}
		{76584947-FEB6-4B36-8F5E-0E720499573C} = {62BF61E9-EA6F-4034-AD89-85C86B0968EB}
		{EAD7074A-69EA-49C1-9025-06AE3161CBFA} = {62BF61E9-EA6F-4034-AD89-85C86B0968EB}
		{93C8FBF2-6332-4E6C-B7B2-B976D16F93AC} = {62BF61E9-EA6F-4034-AD89-85C86B0968EB}
		{B2AFB221-F061-4095-9F05-D48F05FDB149} = {62BF61E9-EA6F-4034-AD89-85C86B0968EB}
		{92BF11C0-61C0-4A33-B8E8-23095506AD78} = {62BF61E9-EA6F-4034-AD89-85C86B0968EB}
		{6538E570-5813-4B2F-B0BF-1E1E8015B99D} = {62BF61E9-EA6F-4034-AD89-85C86B0968EB}
		{329BEA39-F27E-4757-9516-53329A7089C0} = {62BF61E9-EA6F-4034-AD89-85C86B0968EB}
		{804A47BF-A469-4D18-91BD-9FA32DC4F2B4} = {62BF61E9-EA6F-4034-AD89-85C86B0968EB}
		{939DDEB1-4DE1-48BC-AC1C-F6838A6EE37B} = {62BF61E9-EA6F-4034-AD89-85C86B0968EB}
		{3A2C2DE9-1E36-49F4-8ABE-F5AB912C1803} = {62BF61E9-EA6F-4034-AD89-85C86B0968EB}
		{31D44F20-C7DF-4763-9ABD-93B235379B5F} = {62BF61E9-EA6F-4034-AD89-85C86B0968EB}
		{EA1355AC-1DA1-4518-BDDE-9186A94B675A} = {62BF61E9-EA6F-4034-AD89-85C86B0968EB}
		{71A4644B-3B5B-4793-AF86-EA928D8F9DAF} = {62BF61E9-EA6F-4034-AD89-85C86B0968EB}
		{6C2EFE49-35C1-40FD-B385-104ED87C627A} = {62BF61E9-EA6F-4034-AD89-85C86B0968EB}
		{BB6F7B67-371B-4349-BA38-BF35765016B1} = {62BF61E9-EA6F-4034-AD89-85C86B0968EB}
		{4B28209C-8DCC-4306-9E93-B6B1C8101CED} = {FDC69CA5-A426-431B-AE34-787822004FB0}
		{3B838F77-8743-4BC6-B20B-B0702A68C563} = {D6FCB408-429A-4526-8EFD-FF47620749F0}
		{34CBAD41-A5CC-4B28-B928-D238CBB569D3} = {FDC69CA5-A426-431B-AE34-787822004FB0}
		{2D8FA164-DBC6-47B7-BFFA-3DCC743274FE} = {C6A30A12-1E1E-46EC-9557-B7672571BBF3}
		{0BB5996D-B5C9-45F9-B5A2-58A6DDC545BC} = {C6A30A12-1E1E-46EC-9557-B7672571BBF3}
		{AD5C21E7-6B16-4C6B-B374-13CD620CF743} = {C6A30A12-1E1E-46EC-9557-B7672571BBF3}
		{20439E11-2918-4C98-8B76-BB8BED7F7F86} = {C6A30A12-1E1E-46EC-9557-B7672571BBF3}
		{29903A80-68B4-46FB-97C8-FA2110235F3E} = {C6A30A12-1E1E-46EC-9557-B7672571BBF3}
		{5D0D0A5F-BC33-443C-82B9-BB806E95B44F} = {C6A30A12-1E1E-46EC-9557-B7672571BBF3}
		{10BF2F3E-011F-4BAF-AD64-250A0B3FE1D8} = {C6A30A12-1E1E-46EC-9557-B7672571BBF3}
		{7933FE52-793E-49BA-8AD1-F5C3AB2D0256} = {C6A30A12-1E1E-46EC-9557-B7672571BBF3}
		{BA4156A8-7C48-4BCD-9C71-552FB3C29270} = {C6A30A12-1E1E-46EC-9557-B7672571BBF3}
		{E9830C4D-89E8-4126-B1E8-8A636427DF76} = {C6A30A12-1E1E-46EC-9557-B7672571BBF3}
		{AF6DC3E6-7E65-4F4E-B7A8-7D2DD872928B} = {C6A30A12-1E1E-46EC-9557-B7672571BBF3}
		{912124F6-0185-4C97-BE4B-7EE999322D19} = {C6A30A12-1E1E-46EC-9557-B7672571BBF3}
		{792AD50C-B9C5-47CF-815D-CF10B1A1EBDF} = {C6A30A12-1E1E-46EC-9557-B7672571BBF3}
		{EE38C6F7-47BC-48EA-BDF6-0196626711A7} = {C6A30A12-1E1E-46EC-9557-B7672571BBF3}
		{14305D41-8D24-40DE-8F09-2BE34DADEA96} = {C6A30A12-1E1E-46EC-9557-B7672571BBF3}
	EndGlobalSection
	GlobalSection(ExtensibilityGlobals) = postSolution
		SolutionGuid = {EB048828-DF83-45AB-943F-330B891075BB}
	EndGlobalSection
EndGlobal
